<?xml version="1.0" encoding="utf-8"?>
<Project ToolsVersion="4.0" xmlns="http://schemas.microsoft.com/developer/msbuild/2003">
  <ItemGroup>
    <Filter Include="Common">
      <UniqueIdentifier>{9b149d28-97e2-4b3b-ba12-b8bdff49bdef}</UniqueIdentifier>
    </Filter>
    <Filter Include="Libs">
      <UniqueIdentifier>{6d36b1e0-88a7-4410-b493-4afbdf6d3bf6}</UniqueIdentifier>
    </Filter>
    <Filter Include="Libs\inih">
      <UniqueIdentifier>{28336238-7bb5-46f8-b1ae-64676f7fede0}</UniqueIdentifier>
    </Filter>
    <Filter Include="Libs\DirectXTex">
      <UniqueIdentifier>{7534ffc7-88be-4c54-9a72-a936233b2267}</UniqueIdentifier>
    </Filter>
    <Filter Include="Graphics">
      <UniqueIdentifier>{7adb6b24-884d-4e79-8c20-6c957fc78648}</UniqueIdentifier>
    </Filter>
    <Filter Include="Scene">
      <UniqueIdentifier>{bb757a39-10c9-4e58-9fe7-616c004a08f4}</UniqueIdentifier>
    </Filter>
    <Filter Include="Graphics\Shaders">
      <UniqueIdentifier>{e1b32b7e-62c2-4bef-83f3-2e4d6babf336}</UniqueIdentifier>
    </Filter>
    <Filter Include="Engine">
      <UniqueIdentifier>{c8e72daa-9992-4946-907e-0e3165ab959c}</UniqueIdentifier>
    </Filter>
  </ItemGroup>
  <ItemGroup>
    <ClCompile Include="..\source\libs\inih\ini.c">
      <Filter>Libs\inih</Filter>
    </ClCompile>
    <ClCompile Include="..\source\libs\inih\INIReader.cpp">
      <Filter>Libs\inih</Filter>
    </ClCompile>
    <ClCompile Include="..\source\libs\DirectXTex\DDSTextureLoader.cpp">
      <Filter>Libs\DirectXTex</Filter>
    </ClCompile>
    <ClCompile Include="..\source\common\file_io_util.cpp">
      <Filter>Common</Filter>
    </ClCompile>
    <ClCompile Include="..\source\common\string_util.cpp">
      <Filter>Common</Filter>
    </ClCompile>
    <ClCompile Include="..\source\graphics\d3d_util.cpp">
      <Filter>Graphics</Filter>
    </ClCompile>
    <ClCompile Include="..\source\graphics\device_states.cpp">
      <Filter>Graphics</Filter>
    </ClCompile>
    <ClCompile Include="..\source\graphics\dxerr.cpp">
      <Filter>Graphics</Filter>
    </ClCompile>
    <ClCompile Include="..\source\graphics\shader.cpp">
      <Filter>Graphics</Filter>
    </ClCompile>
    <ClCompile Include="..\source\graphics\sprite_font.cpp">
      <Filter>Graphics</Filter>
    </ClCompile>
    <ClCompile Include="..\source\graphics\sprite_renderer.cpp">
      <Filter>Graphics</Filter>
    </ClCompile>
    <ClCompile Include="..\source\graphics\texture2d.cpp">
      <Filter>Graphics</Filter>
    </ClCompile>
    <ClCompile Include="..\source\scene\camera.cpp">
      <Filter>Scene</Filter>
    </ClCompile>
    <ClCompile Include="..\source\scene\geometry_generator.cpp">
      <Filter>Scene</Filter>
    </ClCompile>
    <ClCompile Include="..\source\scene\halfling_model_file.cpp">
      <Filter>Scene</Filter>
    </ClCompile>
    <ClCompile Include="..\source\scene\light_animator.cpp">
      <Filter>Scene</Filter>
    </ClCompile>
    <ClCompile Include="..\source\scene\lights.cpp">
      <Filter>Scene</Filter>
    </ClCompile>
    <ClCompile Include="..\source\scene\model.cpp">
      <Filter>Scene</Filter>
    </ClCompile>
    <ClCompile Include="..\source\scene\model_loading.cpp">
      <Filter>Scene</Filter>
    </ClCompile>
    <ClCompile Include="..\source\engine\clock.cpp">
      <Filter>Engine</Filter>
    </ClCompile>
    <ClCompile Include="..\source\engine\console.cpp">
      <Filter>Engine</Filter>
    </ClCompile>
    <ClCompile Include="..\source\engine\halfling_engine.cpp">
      <Filter>Engine</Filter>
    </ClCompile>
    <ClCompile Include="..\source\engine\material_shader_manager.cpp">
      <Filter>Engine</Filter>
    </ClCompile>
    <ClCompile Include="..\source\engine\model_manager.cpp">
      <Filter>Engine</Filter>
    </ClCompile>
    <ClCompile Include="..\source\engine\profiler.cpp">
      <Filter>Engine</Filter>
    </ClCompile>
    <ClCompile Include="..\source\engine\texture_manager.cpp">
      <Filter>Engine</Filter>
    </ClCompile>
    <ClCompile Include="..\source\engine\timer.cpp">
      <Filter>Engine</Filter>
    </ClCompile>
    <ClCompile Include="..\source\common\math.cpp">
      <Filter>Common</Filter>
    </ClCompile>
    <ClCompile Include="..\source\engine\material_cache.cpp">
      <Filter>Engine</Filter>
    </ClCompile>
  </ItemGroup>
  <ItemGroup>
    <ClInclude Include="..\source\libs\inih\INIReader.h">
      <Filter>Libs\inih</Filter>
    </ClInclude>
    <ClInclude Include="..\source\libs\inih\ini.h">
      <Filter>Libs\inih</Filter>
    </ClInclude>
    <ClInclude Include="..\source\libs\DirectXTex\DDSTextureLoader.h">
      <Filter>Libs\DirectXTex</Filter>
    </ClInclude>
    <ClInclude Include="..\source\common\allocator_16_byte_aligned.h">
      <Filter>Common</Filter>
    </ClInclude>
    <ClInclude Include="..\source\common\endian.h">
      <Filter>Common</Filter>
    </ClInclude>
    <ClInclude Include="..\source\common\file_io_util.h">
      <Filter>Common</Filter>
    </ClInclude>
    <ClInclude Include="..\source\common\halfling_sys.h">
      <Filter>Common</Filter>
    </ClInclude>
    <ClInclude Include="..\source\common\hash.h">
      <Filter>Common</Filter>
    </ClInclude>
    <ClInclude Include="..\source\common\math.h">
      <Filter>Common</Filter>
    </ClInclude>
    <ClInclude Include="..\source\common\memory_stream.h">
      <Filter>Common</Filter>
    </ClInclude>
    <ClInclude Include="..\source\common\rect.h">
      <Filter>Common</Filter>
    </ClInclude>
    <ClInclude Include="..\source\common\string_util.h">
      <Filter>Common</Filter>
    </ClInclude>
    <ClInclude Include="..\source\common\typedefs.h">
      <Filter>Common</Filter>
    </ClInclude>
    <ClInclude Include="..\source\common\vector.h">
      <Filter>Common</Filter>
    </ClInclude>
    <ClInclude Include="..\source\graphics\d3d_util.h">
      <Filter>Graphics</Filter>
    </ClInclude>
    <ClInclude Include="..\source\graphics\device_states.h">
      <Filter>Graphics</Filter>
    </ClInclude>
    <ClInclude Include="..\source\graphics\dxerr.h">
      <Filter>Graphics</Filter>
    </ClInclude>
    <ClInclude Include="..\source\graphics\shader.h">
      <Filter>Graphics</Filter>
    </ClInclude>
    <ClInclude Include="..\source\graphics\sprite_font.h">
      <Filter>Graphics</Filter>
    </ClInclude>
    <ClInclude Include="..\source\graphics\sprite_renderer.h">
      <Filter>Graphics</Filter>
    </ClInclude>
    <ClInclude Include="..\source\graphics\structured_buffer.h">
      <Filter>Graphics</Filter>
    </ClInclude>
    <ClInclude Include="..\source\graphics\texture2d.h">
      <Filter>Graphics</Filter>
    </ClInclude>
    <ClInclude Include="..\source\scene\camera.h">
      <Filter>Scene</Filter>
    </ClInclude>
    <ClInclude Include="..\source\scene\geometry_generator.h">
      <Filter>Scene</Filter>
    </ClInclude>
    <ClInclude Include="..\source\scene\halfling_model_file.h">
      <Filter>Scene</Filter>
    </ClInclude>
    <ClInclude Include="..\source\scene\light_animator.h">
      <Filter>Scene</Filter>
    </ClInclude>
    <ClInclude Include="..\source\scene\lights.h">
      <Filter>Scene</Filter>
    </ClInclude>
    <ClInclude Include="..\source\scene\materials.h">
      <Filter>Scene</Filter>
    </ClInclude>
    <ClInclude Include="..\source\scene\model.h">
      <Filter>Scene</Filter>
    </ClInclude>
    <ClInclude Include="..\source\scene\model_loading.h">
      <Filter>Scene</Filter>
    </ClInclude>
    <ClInclude Include="..\source\engine\clock.h">
      <Filter>Engine</Filter>
    </ClInclude>
    <ClInclude Include="..\source\engine\console.h">
      <Filter>Engine</Filter>
    </ClInclude>
    <ClInclude Include="..\source\engine\console_progress_bar.h">
      <Filter>Engine</Filter>
    </ClInclude>
    <ClInclude Include="..\source\engine\halfling_engine.h">
      <Filter>Engine</Filter>
    </ClInclude>
    <ClInclude Include="..\source\engine\material_shader_manager.h">
      <Filter>Engine</Filter>
    </ClInclude>
    <ClInclude Include="..\source\engine\model_manager.h">
      <Filter>Engine</Filter>
    </ClInclude>
    <ClInclude Include="..\source\engine\profiler.h">
      <Filter>Engine</Filter>
    </ClInclude>
    <ClInclude Include="..\source\engine\texture_manager.h">
      <Filter>Engine</Filter>
    </ClInclude>
    <ClInclude Include="..\source\engine\timer.h">
      <Filter>Engine</Filter>
    </ClInclude>
    <ClInclude Include="..\source\engine\material_cache.h">
      <Filter>Engine</Filter>
    </ClInclude>
    <ClInclude Include="..\source\common\std_vector_compare.h">
      <Filter>Common</Filter>
    </ClInclude>
  </ItemGroup>
  <ItemGroup>
    <None Include="..\source\graphics\shaders\hlsl_util.hlsli">
      <Filter>Graphics\Shaders</Filter>
    </None>
    <None Include="..\source\graphics\shaders\light_functions.hlsli">
      <Filter>Graphics\Shaders</Filter>
    </None>
    <None Include="..\source\graphics\shaders\lights.hlsli">
      <Filter>Graphics\Shaders</Filter>
    </None>
    <None Include="..\source\graphics\shaders\materials.hlsli">
      <Filter>Graphics\Shaders</Filter>
    </None>
    <None Include="..\source\graphics\shaders\sprite_header.hlsli">
      <Filter>Graphics\Shaders</Filter>
    </None>
  </ItemGroup>
  <ItemGroup>
    <FxCompile Include="..\source\graphics\shaders\sprite_instanced_vertex_shader.hlsl">
      <Filter>Graphics\Shaders</Filter>
    </FxCompile>
    <FxCompile Include="..\source\graphics\shaders\sprite_pixel_shader.hlsl">
      <Filter>Graphics\Shaders</Filter>
    </FxCompile>
    <FxCompile Include="..\source\graphics\shaders\sprite_sampled_pixel_shader.hlsl">
      <Filter>Graphics\Shaders</Filter>
    </FxCompile>
    <FxCompile Include="..\source\graphics\shaders\sprite_vertex_shader.hlsl">
      <Filter>Graphics\Shaders</Filter>
    </FxCompile>
  </ItemGroup>
</Project>