<?xml version="1.0" encoding="utf-8"?>
<Project ToolsVersion="4.0" xmlns="http://schemas.microsoft.com/developer/msbuild/2003">
  <ItemGroup>
    <Filter Include="include">
      <UniqueIdentifier>{30e5d628-b6de-400e-a35c-76616afa6125}</UniqueIdentifier>
    </Filter>
    <Filter Include="include\Compiler">
      <UniqueIdentifier>{c149d1e2-b426-4592-b2b3-456651fb700a}</UniqueIdentifier>
    </Filter>
    <Filter Include="include\C++">
      <UniqueIdentifier>{ab316470-c7dc-4463-8960-8e065e91f919}</UniqueIdentifier>
    </Filter>
    <Filter Include="include\C">
      <UniqueIdentifier>{ad1aac6b-d550-4099-b307-53d998740824}</UniqueIdentifier>
    </Filter>
    <Filter Include="include\Common">
      <UniqueIdentifier>{4cae6da9-02b1-4743-8da8-23d61e7901d2}</UniqueIdentifier>
    </Filter>
    <Filter Include="sources">
      <UniqueIdentifier>{b9332f87-fb93-4037-9c3d-b2fdcd8534d4}</UniqueIdentifier>
    </Filter>
    <Filter Include="sources\importers">
      <UniqueIdentifier>{7062e947-4d5f-421e-b45e-0ca12f39d19e}</UniqueIdentifier>
    </Filter>
    <Filter Include="sources\importers\3ds">
      <UniqueIdentifier>{e391bd29-95ef-4af4-b5ab-7dcb1f57b48c}</UniqueIdentifier>
    </Filter>
    <Filter Include="sources\importers\ase">
      <UniqueIdentifier>{4befd1e3-1504-4db6-8172-4fbc0f1d06ba}</UniqueIdentifier>
    </Filter>
    <Filter Include="sources\importers\hmp">
      <UniqueIdentifier>{ddb6f4a7-9ed6-41de-b68f-eaf8188167e0}</UniqueIdentifier>
    </Filter>
    <Filter Include="sources\importers\lwo">
      <UniqueIdentifier>{aedddfd7-e39d-4f20-8c34-112fca1f5bed}</UniqueIdentifier>
    </Filter>
    <Filter Include="sources\importers\md3">
      <UniqueIdentifier>{5a88c570-da52-458c-a0b2-6ac907bf66e4}</UniqueIdentifier>
    </Filter>
    <Filter Include="sources\importers\md5">
      <UniqueIdentifier>{ba8ed91b-f308-4ad0-bd45-83b0ef3265ab}</UniqueIdentifier>
    </Filter>
    <Filter Include="sources\importers\mdc">
      <UniqueIdentifier>{bae5a1f4-b3c4-4926-a1cc-271736acc1e7}</UniqueIdentifier>
    </Filter>
    <Filter Include="sources\importers\mdl">
      <UniqueIdentifier>{70caf5b6-22b4-4fe3-be37-35806db1e217}</UniqueIdentifier>
    </Filter>
    <Filter Include="sources\importers\obj">
      <UniqueIdentifier>{a2f927d6-292e-422a-9445-966e660f1fa2}</UniqueIdentifier>
    </Filter>
    <Filter Include="sources\importers\ply">
      <UniqueIdentifier>{7de20bc9-8746-46ba-8eee-15817f7c1afa}</UniqueIdentifier>
    </Filter>
    <Filter Include="sources\importers\smd">
      <UniqueIdentifier>{5148ad18-387a-4d5e-a017-5de5b187774b}</UniqueIdentifier>
    </Filter>
    <Filter Include="sources\importers\stl">
      <UniqueIdentifier>{9c2750ab-4c57-4c33-9ca9-90c6bdd883e2}</UniqueIdentifier>
    </Filter>
    <Filter Include="sources\importers\x">
      <UniqueIdentifier>{1a66400c-aade-440f-b590-fdafd09bcb41}</UniqueIdentifier>
    </Filter>
    <Filter Include="sources\importers\dxf">
      <UniqueIdentifier>{a71c549d-32e4-4ca7-93ef-7fe96841eb6d}</UniqueIdentifier>
    </Filter>
    <Filter Include="sources\importers\raw">
      <UniqueIdentifier>{254f0174-7dce-4e50-b33b-dcad49879a39}</UniqueIdentifier>
    </Filter>
    <Filter Include="sources\importers\nff">
      <UniqueIdentifier>{549f56f8-9b38-4449-af08-3cb4aca12026}</UniqueIdentifier>
    </Filter>
    <Filter Include="sources\importers\off">
      <UniqueIdentifier>{841ad966-59ce-4b2c-ad44-be5fa2212721}</UniqueIdentifier>
    </Filter>
    <Filter Include="sources\importers\ac">
      <UniqueIdentifier>{0119e6cf-7909-4672-8e3e-53477e1f5239}</UniqueIdentifier>
    </Filter>
    <Filter Include="sources\importers\lws">
      <UniqueIdentifier>{42da86d9-b42a-4a81-b80a-649cd4c29bc9}</UniqueIdentifier>
    </Filter>
    <Filter Include="sources\importers\bvh">
      <UniqueIdentifier>{37935fc2-c285-4a54-b71b-dc360a4d9766}</UniqueIdentifier>
    </Filter>
    <Filter Include="sources\importers\irrmesh">
      <UniqueIdentifier>{8f8fa98a-ba6e-4c5c-a83d-10630552f5ea}</UniqueIdentifier>
    </Filter>
    <Filter Include="sources\importers\irr">
      <UniqueIdentifier>{a4aaf822-137c-4ffc-8317-941dbdeafa79}</UniqueIdentifier>
    </Filter>
    <Filter Include="sources\importers\q3d">
      <UniqueIdentifier>{1fd828f4-9ac6-4f4a-9372-afeaa635af4f}</UniqueIdentifier>
    </Filter>
    <Filter Include="sources\importers\b3d">
      <UniqueIdentifier>{1eb0fcd4-6a91-4de8-92ea-0ee4ec0169fc}</UniqueIdentifier>
    </Filter>
    <Filter Include="sources\importers\collada">
      <UniqueIdentifier>{4541223b-0890-41b0-a163-5006f5ac6b09}</UniqueIdentifier>
    </Filter>
    <Filter Include="sources\importers\ter">
      <UniqueIdentifier>{6e9e6d07-15b0-4e05-a863-4d4841004bdd}</UniqueIdentifier>
    </Filter>
    <Filter Include="sources\importers\csm">
      <UniqueIdentifier>{d2b2a4cb-c166-46c3-8119-f30ad17b7064}</UniqueIdentifier>
    </Filter>
    <Filter Include="sources\importers\unreal">
      <UniqueIdentifier>{1e2ddc6d-8d73-447e-8c5f-05697424377c}</UniqueIdentifier>
    </Filter>
    <Filter Include="sources\importers\ndo">
      <UniqueIdentifier>{39d55536-e8ca-4afd-b18f-acb72bc816d6}</UniqueIdentifier>
    </Filter>
    <Filter Include="sources\importers\ogre">
      <UniqueIdentifier>{cd82cdf1-03a4-4c68-a396-adbb3b679b6d}</UniqueIdentifier>
    </Filter>
    <Filter Include="sources\importers\ms3d">
      <UniqueIdentifier>{5eeaceb4-168e-4650-95d5-c306c6e171a9}</UniqueIdentifier>
    </Filter>
    <Filter Include="sources\importers\cob">
      <UniqueIdentifier>{677a1c29-9574-4df8-8a12-bea7db3c0a4c}</UniqueIdentifier>
    </Filter>
    <Filter Include="sources\importers\blend">
      <UniqueIdentifier>{bbeb2870-dd2a-4544-a33f-6d486cc11110}</UniqueIdentifier>
    </Filter>
    <Filter Include="sources\importers\q3bsp">
      <UniqueIdentifier>{32c8861e-a320-4754-ab63-5985446da686}</UniqueIdentifier>
    </Filter>
    <Filter Include="sources\importers\md2">
      <UniqueIdentifier>{5415aef7-d5fa-470c-b0b2-8dbfc17693d9}</UniqueIdentifier>
    </Filter>
    <Filter Include="sources\importers\ifc">
      <UniqueIdentifier>{506d73c1-5229-41a6-b354-1fbac9722492}</UniqueIdentifier>
    </Filter>
    <Filter Include="sources\importers\m3">
      <UniqueIdentifier>{ff7d4306-0925-44f8-8763-fe652b74c12d}</UniqueIdentifier>
    </Filter>
    <Filter Include="sources\importers\xgl">
      <UniqueIdentifier>{eac295f5-762c-4c4f-9dfc-a06be5cefbd2}</UniqueIdentifier>
    </Filter>
    <Filter Include="sources\postprocessing">
      <UniqueIdentifier>{23cf591c-f46c-4156-89ee-ef97a6d6723f}</UniqueIdentifier>
    </Filter>
    <Filter Include="sources\core">
      <UniqueIdentifier>{94a7acca-b231-43ec-8283-07de5231ad19}</UniqueIdentifier>
    </Filter>
    <Filter Include="sources\logging">
      <UniqueIdentifier>{8e97fbd6-41c3-420d-bda0-644d433ccdd8}</UniqueIdentifier>
    </Filter>
    <Filter Include="sources\filesystem">
      <UniqueIdentifier>{f665609a-e2d2-44f8-b65b-0d0f98b5ed5e}</UniqueIdentifier>
    </Filter>
    <Filter Include="sources\core_import">
      <UniqueIdentifier>{45f08ffa-e93d-4a99-a4ae-6cbedf0ed1d8}</UniqueIdentifier>
    </Filter>
    <Filter Include="sources\extern">
      <UniqueIdentifier>{fe49dd71-d31d-40d4-8e3a-8e85df11f686}</UniqueIdentifier>
    </Filter>
    <Filter Include="sources\extern\irrXML">
      <UniqueIdentifier>{28a1c873-fc65-469f-baa2-2efe4025465d}</UniqueIdentifier>
    </Filter>
    <Filter Include="sources\extern\zLib">
      <UniqueIdentifier>{25e1ffb0-9ed2-4276-8209-afe0dc28d73b}</UniqueIdentifier>
    </Filter>
    <Filter Include="sources\extern\ConvertUTF">
      <UniqueIdentifier>{045f8ddf-4b0d-43ed-ab1b-143a22e9a1b3}</UniqueIdentifier>
    </Filter>
    <Filter Include="sources\extern\poly2tri">
      <UniqueIdentifier>{acc54766-7069-49d2-8f9a-6469685b5746}</UniqueIdentifier>
    </Filter>
    <Filter Include="sources\extern\clipper">
      <UniqueIdentifier>{5e870cd5-d77a-4860-93c8-1e0234958fa0}</UniqueIdentifier>
    </Filter>
    <Filter Include="sources\noboost">
      <UniqueIdentifier>{30b2fdb9-f83d-4a7b-ac33-bbb71242ef61}</UniqueIdentifier>
    </Filter>
    <Filter Include="sources\noboost\tuple">
      <UniqueIdentifier>{a34ccd3a-898b-48ff-8845-f78d399c4613}</UniqueIdentifier>
    </Filter>
    <Filter Include="sources\noboost\math">
      <UniqueIdentifier>{9fa436c5-2371-4e29-b1b8-e4d9496d7481}</UniqueIdentifier>
    </Filter>
    <Filter Include="sources\core_export">
      <UniqueIdentifier>{8502a3e2-554a-471f-95fa-b734e4b3524f}</UniqueIdentifier>
    </Filter>
    <Filter Include="sources\exporters">
      <UniqueIdentifier>{9e40b6ac-d5f2-43b4-8f41-72135a8567dd}</UniqueIdentifier>
    </Filter>
    <Filter Include="sources\exporters\collada">
      <UniqueIdentifier>{3b33fb2d-9601-4e93-a9d3-67447ff96a5e}</UniqueIdentifier>
    </Filter>
    <Filter Include="sources\exporters\obj">
      <UniqueIdentifier>{4b14fc0e-536c-4d13-8162-a5128c91fb5f}</UniqueIdentifier>
    </Filter>
    <Filter Include="sources\exporters\stl">
      <UniqueIdentifier>{cdb53610-c854-4e5f-899c-65849a9acde1}</UniqueIdentifier>
    </Filter>
    <Filter Include="sources\exporters\ply">
      <UniqueIdentifier>{d84d88d2-0efd-48f2-8062-b6c2d77b1782}</UniqueIdentifier>
    </Filter>
    <Filter Include="doc">
      <UniqueIdentifier>{57a20f2f-5de5-4613-824b-c39db4af0196}</UniqueIdentifier>
    </Filter>
    <Filter Include="resources">
      <UniqueIdentifier>{b2fc3542-ddec-463a-a3e5-c28407017a3a}</UniqueIdentifier>
    </Filter>
  </ItemGroup>
  <ItemGroup>
    <ClInclude Include="..\..\include\assimp\Compiler\poppack1.h">
      <Filter>include\Compiler</Filter>
    </ClInclude>
    <ClInclude Include="..\..\include\assimp\Compiler\pushpack1.h">
      <Filter>include\Compiler</Filter>
    </ClInclude>
    <ClInclude Include="..\..\include\assimp\DefaultLogger.hpp">
      <Filter>include\C++</Filter>
    </ClInclude>
    <ClInclude Include="..\..\include\assimp\Exporter.hpp">
      <Filter>include\C++</Filter>
    </ClInclude>
    <ClInclude Include="..\..\include\assimp\Importer.hpp">
      <Filter>include\C++</Filter>
    </ClInclude>
    <ClInclude Include="..\..\include\assimp\IOStream.hpp">
      <Filter>include\C++</Filter>
    </ClInclude>
    <ClInclude Include="..\..\include\assimp\IOSystem.hpp">
      <Filter>include\C++</Filter>
    </ClInclude>
    <ClInclude Include="..\..\include\assimp\Logger.hpp">
      <Filter>include\C++</Filter>
    </ClInclude>
    <ClInclude Include="..\..\include\assimp\LogStream.hpp">
      <Filter>include\C++</Filter>
    </ClInclude>
    <ClInclude Include="..\..\include\assimp\NullLogger.hpp">
      <Filter>include\C++</Filter>
    </ClInclude>
    <ClInclude Include="..\..\include\assimp\ProgressHandler.hpp">
      <Filter>include\C++</Filter>
    </ClInclude>
    <ClInclude Include="..\..\include\assimp\cexport.h">
      <Filter>include\C</Filter>
    </ClInclude>
    <ClInclude Include="..\..\include\assimp\cfileio.h">
      <Filter>include\C</Filter>
    </ClInclude>
    <ClInclude Include="..\..\include\assimp\cimport.h">
      <Filter>include\C</Filter>
    </ClInclude>
    <ClInclude Include="..\..\include\assimp\ai_assert.h">
      <Filter>include\Common</Filter>
    </ClInclude>
    <ClInclude Include="..\..\include\assimp\anim.h">
      <Filter>include\Common</Filter>
    </ClInclude>
    <ClInclude Include="..\..\include\assimp\camera.h">
      <Filter>include\Common</Filter>
    </ClInclude>
    <ClInclude Include="..\..\include\assimp\color4.h">
      <Filter>include\Common</Filter>
    </ClInclude>
    <ClInclude Include="..\..\include\assimp\config.h">
      <Filter>include\Common</Filter>
    </ClInclude>
    <ClInclude Include="..\..\include\assimp\defs.h">
      <Filter>include\Common</Filter>
    </ClInclude>
    <ClInclude Include="..\..\include\assimp\importerdesc.h">
      <Filter>include\Common</Filter>
    </ClInclude>
    <ClInclude Include="..\..\include\assimp\light.h">
      <Filter>include\Common</Filter>
    </ClInclude>
    <ClInclude Include="..\..\include\assimp\material.h">
      <Filter>include\Common</Filter>
    </ClInclude>
    <ClInclude Include="..\..\include\assimp\matrix3x3.h">
      <Filter>include\Common</Filter>
    </ClInclude>
    <ClInclude Include="..\..\include\assimp\matrix4x4.h">
      <Filter>include\Common</Filter>
    </ClInclude>
    <ClInclude Include="..\..\include\assimp\mesh.h">
      <Filter>include\Common</Filter>
    </ClInclude>
    <ClInclude Include="..\..\include\assimp\postprocess.h">
      <Filter>include\Common</Filter>
    </ClInclude>
    <ClInclude Include="..\..\include\assimp\quaternion.h">
      <Filter>include\Common</Filter>
    </ClInclude>
    <ClInclude Include="..\..\include\assimp\scene.h">
      <Filter>include\Common</Filter>
    </ClInclude>
    <ClInclude Include="..\..\include\assimp\texture.h">
      <Filter>include\Common</Filter>
    </ClInclude>
    <ClInclude Include="..\..\include\assimp\types.h">
      <Filter>include\Common</Filter>
    </ClInclude>
    <ClInclude Include="..\..\include\assimp\vector2.h">
      <Filter>include\Common</Filter>
    </ClInclude>
    <ClInclude Include="..\..\include\assimp\vector3.h">
      <Filter>include\Common</Filter>
    </ClInclude>
    <ClInclude Include="..\..\include\assimp\version.h">
      <Filter>include\Common</Filter>
    </ClInclude>
    <ClInclude Include="..\..\code\3DSHelper.h">
      <Filter>sources\importers\3ds</Filter>
    </ClInclude>
    <ClInclude Include="..\..\code\3DSLoader.h">
      <Filter>sources\importers\3ds</Filter>
    </ClInclude>
    <ClInclude Include="..\..\code\ASELoader.h">
      <Filter>sources\importers\ase</Filter>
    </ClInclude>
    <ClInclude Include="..\..\code\ASEParser.h">
      <Filter>sources\importers\ase</Filter>
    </ClInclude>
    <ClInclude Include="..\..\code\HMPFileData.h">
      <Filter>sources\importers\hmp</Filter>
    </ClInclude>
    <ClInclude Include="..\..\code\HMPLoader.h">
      <Filter>sources\importers\hmp</Filter>
    </ClInclude>
    <ClInclude Include="..\..\code\LWOFileData.h">
      <Filter>sources\importers\lwo</Filter>
    </ClInclude>
    <ClInclude Include="..\..\code\LWOLoader.h">
      <Filter>sources\importers\lwo</Filter>
    </ClInclude>
    <ClInclude Include="..\..\code\MD3FileData.h">
      <Filter>sources\importers\md3</Filter>
    </ClInclude>
    <ClInclude Include="..\..\code\MD3Loader.h">
      <Filter>sources\importers\md3</Filter>
    </ClInclude>
    <ClInclude Include="..\..\code\MD5Loader.h">
      <Filter>sources\importers\md5</Filter>
    </ClInclude>
    <ClInclude Include="..\..\code\MD5Parser.h">
      <Filter>sources\importers\md5</Filter>
    </ClInclude>
    <ClInclude Include="..\..\code\MDCFileData.h">
      <Filter>sources\importers\mdc</Filter>
    </ClInclude>
    <ClInclude Include="..\..\code\MDCLoader.h">
      <Filter>sources\importers\mdc</Filter>
    </ClInclude>
    <ClInclude Include="..\..\code\MDCNormalTable.h">
      <Filter>sources\importers\mdc</Filter>
    </ClInclude>
    <ClInclude Include="..\..\code\HalfLifeFileData.h">
      <Filter>sources\importers\mdl</Filter>
    </ClInclude>
    <ClInclude Include="..\..\code\MDLDefaultColorMap.h">
      <Filter>sources\importers\mdl</Filter>
    </ClInclude>
    <ClInclude Include="..\..\code\MDLFileData.h">
      <Filter>sources\importers\mdl</Filter>
    </ClInclude>
    <ClInclude Include="..\..\code\MDLLoader.h">
      <Filter>sources\importers\mdl</Filter>
    </ClInclude>
    <ClInclude Include="..\..\code\ObjFileData.h">
      <Filter>sources\importers\obj</Filter>
    </ClInclude>
    <ClInclude Include="..\..\code\ObjFileImporter.h">
      <Filter>sources\importers\obj</Filter>
    </ClInclude>
    <ClInclude Include="..\..\code\ObjFileMtlImporter.h">
      <Filter>sources\importers\obj</Filter>
    </ClInclude>
    <ClInclude Include="..\..\code\ObjFileParser.h">
      <Filter>sources\importers\obj</Filter>
    </ClInclude>
    <ClInclude Include="..\..\code\ObjTools.h">
      <Filter>sources\importers\obj</Filter>
    </ClInclude>
    <ClInclude Include="..\..\code\PlyLoader.h">
      <Filter>sources\importers\ply</Filter>
    </ClInclude>
    <ClInclude Include="..\..\code\PlyParser.h">
      <Filter>sources\importers\ply</Filter>
    </ClInclude>
    <ClInclude Include="..\..\code\SMDLoader.h">
      <Filter>sources\importers\smd</Filter>
    </ClInclude>
    <ClInclude Include="..\..\code\STLLoader.h">
      <Filter>sources\importers\stl</Filter>
    </ClInclude>
    <ClInclude Include="..\..\code\XFileHelper.h">
      <Filter>sources\importers\x</Filter>
    </ClInclude>
    <ClInclude Include="..\..\code\XFileImporter.h">
      <Filter>sources\importers\x</Filter>
    </ClInclude>
    <ClInclude Include="..\..\code\XFileParser.h">
      <Filter>sources\importers\x</Filter>
    </ClInclude>
    <ClInclude Include="..\..\code\DXFHelper.h">
      <Filter>sources\importers\dxf</Filter>
    </ClInclude>
    <ClInclude Include="..\..\code\DXFLoader.h">
      <Filter>sources\importers\dxf</Filter>
    </ClInclude>
    <ClInclude Include="..\..\code\RawLoader.h">
      <Filter>sources\importers\raw</Filter>
    </ClInclude>
    <ClInclude Include="..\..\code\NFFLoader.h">
      <Filter>sources\importers\nff</Filter>
    </ClInclude>
    <ClInclude Include="..\..\code\OFFLoader.h">
      <Filter>sources\importers\off</Filter>
    </ClInclude>
    <ClInclude Include="..\..\code\ACLoader.h">
      <Filter>sources\importers\ac</Filter>
    </ClInclude>
    <ClInclude Include="..\..\code\LWOAnimation.h">
      <Filter>sources\importers\lws</Filter>
    </ClInclude>
    <ClInclude Include="..\..\code\LWSLoader.h">
      <Filter>sources\importers\lws</Filter>
    </ClInclude>
    <ClInclude Include="..\..\code\BVHLoader.h">
      <Filter>sources\importers\bvh</Filter>
    </ClInclude>
    <ClInclude Include="..\..\code\IRRMeshLoader.h">
      <Filter>sources\importers\irrmesh</Filter>
    </ClInclude>
    <ClInclude Include="..\..\code\IRRLoader.h">
      <Filter>sources\importers\irr</Filter>
    </ClInclude>
    <ClInclude Include="..\..\code\IRRShared.h">
      <Filter>sources\importers\irr</Filter>
    </ClInclude>
    <ClInclude Include="..\..\code\Q3DLoader.h">
      <Filter>sources\importers\q3d</Filter>
    </ClInclude>
    <ClInclude Include="..\..\code\B3DImporter.h">
      <Filter>sources\importers\b3d</Filter>
    </ClInclude>
    <ClInclude Include="..\..\code\ColladaHelper.h">
      <Filter>sources\importers\collada</Filter>
    </ClInclude>
    <ClInclude Include="..\..\code\ColladaLoader.h">
      <Filter>sources\importers\collada</Filter>
    </ClInclude>
    <ClInclude Include="..\..\code\ColladaParser.h">
      <Filter>sources\importers\collada</Filter>
    </ClInclude>
    <ClInclude Include="..\..\code\TerragenLoader.h">
      <Filter>sources\importers\ter</Filter>
    </ClInclude>
    <ClInclude Include="..\..\code\CSMLoader.h">
      <Filter>sources\importers\csm</Filter>
    </ClInclude>
    <ClInclude Include="..\..\code\UnrealLoader.h">
      <Filter>sources\importers\unreal</Filter>
    </ClInclude>
    <ClInclude Include="..\..\code\NDOLoader.h">
      <Filter>sources\importers\ndo</Filter>
    </ClInclude>
    <ClInclude Include="..\..\code\OgreImporter.hpp">
      <Filter>sources\importers\ogre</Filter>
    </ClInclude>
    <ClInclude Include="..\..\code\OgreXmlHelper.h">
      <Filter>sources\importers\ogre</Filter>
    </ClInclude>
    <ClInclude Include="..\..\code\OgreXmlHelper.hpp">
      <Filter>sources\importers\ogre</Filter>
    </ClInclude>
    <ClInclude Include="..\..\code\MS3DLoader.h">
      <Filter>sources\importers\ms3d</Filter>
    </ClInclude>
    <ClInclude Include="..\..\code\COBLoader.h">
      <Filter>sources\importers\cob</Filter>
    </ClInclude>
    <ClInclude Include="..\..\code\COBScene.h">
      <Filter>sources\importers\cob</Filter>
    </ClInclude>
    <ClInclude Include="..\..\code\BlenderDNA.h">
      <Filter>sources\importers\blend</Filter>
    </ClInclude>
    <ClInclude Include="..\..\code\BlenderIntermediate.h">
      <Filter>sources\importers\blend</Filter>
    </ClInclude>
    <ClInclude Include="..\..\code\BlenderLoader.h">
      <Filter>sources\importers\blend</Filter>
    </ClInclude>
    <ClInclude Include="..\..\code\BlenderModifier.h">
      <Filter>sources\importers\blend</Filter>
    </ClInclude>
    <ClInclude Include="..\..\code\BlenderScene.h">
      <Filter>sources\importers\blend</Filter>
    </ClInclude>
    <ClInclude Include="..\..\code\BlenderSceneGen.h">
      <Filter>sources\importers\blend</Filter>
    </ClInclude>
    <ClInclude Include="..\..\code\Q3BSPFileData.h">
      <Filter>sources\importers\q3bsp</Filter>
    </ClInclude>
    <ClInclude Include="..\..\code\Q3BSPFileImporter.h">
      <Filter>sources\importers\q3bsp</Filter>
    </ClInclude>
    <ClInclude Include="..\..\code\Q3BSPFileParser.h">
      <Filter>sources\importers\q3bsp</Filter>
    </ClInclude>
    <ClInclude Include="..\..\code\Q3BSPZipArchive.h">
      <Filter>sources\importers\q3bsp</Filter>
    </ClInclude>
    <ClInclude Include="..\..\code\MD2FileData.h">
      <Filter>sources\importers\md2</Filter>
    </ClInclude>
    <ClInclude Include="..\..\code\MD2Loader.h">
      <Filter>sources\importers\md2</Filter>
    </ClInclude>
    <ClInclude Include="..\..\code\MD2NormalTable.h">
      <Filter>sources\importers\md2</Filter>
    </ClInclude>
    <ClInclude Include="..\..\code\IFCLoader.h">
      <Filter>sources\importers\ifc</Filter>
    </ClInclude>
    <ClInclude Include="..\..\code\IFCReaderGen.h">
      <Filter>sources\importers\ifc</Filter>
    </ClInclude>
    <ClInclude Include="..\..\code\IFCUtil.h">
      <Filter>sources\importers\ifc</Filter>
    </ClInclude>
    <ClInclude Include="..\..\code\STEPFile.h">
      <Filter>sources\importers\ifc</Filter>
    </ClInclude>
    <ClInclude Include="..\..\code\STEPFileReader.h">
      <Filter>sources\importers\ifc</Filter>
    </ClInclude>
    <ClInclude Include="..\..\code\M3Importer.h">
      <Filter>sources\importers\m3</Filter>
    </ClInclude>
    <ClInclude Include="..\..\code\XGLLoader.h">
      <Filter>sources\importers\xgl</Filter>
    </ClInclude>
    <ClInclude Include="..\..\code\BaseProcess.h">
      <Filter>sources\postprocessing</Filter>
    </ClInclude>
    <ClInclude Include="..\..\code\CalcTangentsProcess.h">
      <Filter>sources\postprocessing</Filter>
    </ClInclude>
    <ClInclude Include="..\..\code\ComputeUVMappingProcess.h">
      <Filter>sources\postprocessing</Filter>
    </ClInclude>
    <ClInclude Include="..\..\code\ConvertToLHProcess.h">
      <Filter>sources\postprocessing</Filter>
    </ClInclude>
    <ClInclude Include="..\..\code\DeboneProcess.h">
      <Filter>sources\postprocessing</Filter>
    </ClInclude>
    <ClInclude Include="..\..\code\FindDegenerates.h">
      <Filter>sources\postprocessing</Filter>
    </ClInclude>
    <ClInclude Include="..\..\code\FindInstancesProcess.h">
      <Filter>sources\postprocessing</Filter>
    </ClInclude>
    <ClInclude Include="..\..\code\FindInvalidDataProcess.h">
      <Filter>sources\postprocessing</Filter>
    </ClInclude>
    <ClInclude Include="..\..\code\FixNormalsStep.h">
      <Filter>sources\postprocessing</Filter>
    </ClInclude>
    <ClInclude Include="..\..\code\GenFaceNormalsProcess.h">
      <Filter>sources\postprocessing</Filter>
    </ClInclude>
    <ClInclude Include="..\..\code\GenVertexNormalsProcess.h">
      <Filter>sources\postprocessing</Filter>
    </ClInclude>
    <ClInclude Include="..\..\code\ImproveCacheLocality.h">
      <Filter>sources\postprocessing</Filter>
    </ClInclude>
    <ClInclude Include="..\..\code\JoinVerticesProcess.h">
      <Filter>sources\postprocessing</Filter>
    </ClInclude>
    <ClInclude Include="..\..\code\LimitBoneWeightsProcess.h">
      <Filter>sources\postprocessing</Filter>
    </ClInclude>
    <ClInclude Include="..\..\code\MakeVerboseFormat.h">
      <Filter>sources\postprocessing</Filter>
    </ClInclude>
    <ClInclude Include="..\..\code\OptimizeGraph.h">
      <Filter>sources\postprocessing</Filter>
    </ClInclude>
    <ClInclude Include="..\..\code\OptimizeMeshes.h">
      <Filter>sources\postprocessing</Filter>
    </ClInclude>
    <ClInclude Include="..\..\code\PretransformVertices.h">
      <Filter>sources\postprocessing</Filter>
    </ClInclude>
    <ClInclude Include="..\..\code\ProcessHelper.h">
      <Filter>sources\postprocessing</Filter>
    </ClInclude>
    <ClInclude Include="..\..\code\RemoveRedundantMaterials.h">
      <Filter>sources\postprocessing</Filter>
    </ClInclude>
    <ClInclude Include="..\..\code\RemoveVCProcess.h">
      <Filter>sources\postprocessing</Filter>
    </ClInclude>
    <ClInclude Include="..\..\code\SortByPTypeProcess.h">
      <Filter>sources\postprocessing</Filter>
    </ClInclude>
    <ClInclude Include="..\..\code\SplitByBoneCountProcess.h">
      <Filter>sources\postprocessing</Filter>
    </ClInclude>
    <ClInclude Include="..\..\code\SplitLargeMeshes.h">
      <Filter>sources\postprocessing</Filter>
    </ClInclude>
    <ClInclude Include="..\..\code\TextureTransform.h">
      <Filter>sources\postprocessing</Filter>
    </ClInclude>
    <ClInclude Include="..\..\code\TriangulateProcess.h">
      <Filter>sources\postprocessing</Filter>
    </ClInclude>
    <ClInclude Include="..\..\code\ValidateDataStructure.h">
      <Filter>sources\postprocessing</Filter>
    </ClInclude>
    <ClInclude Include="..\..\code\AssimpPCH.h">
      <Filter>sources\core</Filter>
    </ClInclude>
    <ClInclude Include="..\..\code\ByteSwap.h">
      <Filter>sources\core</Filter>
    </ClInclude>
    <ClInclude Include="..\..\code\Exceptional.h">
      <Filter>sources\core</Filter>
    </ClInclude>
    <ClInclude Include="..\..\code\GenericProperty.h">
      <Filter>sources\core</Filter>
    </ClInclude>
    <ClInclude Include="..\..\code\Hash.h">
      <Filter>sources\core</Filter>
    </ClInclude>
    <ClInclude Include="..\..\code\LogAux.h">
      <Filter>sources\core</Filter>
    </ClInclude>
    <ClInclude Include="..\..\code\MaterialSystem.h">
      <Filter>sources\core</Filter>
    </ClInclude>
    <ClInclude Include="..\..\code\PolyTools.h">
      <Filter>sources\core</Filter>
    </ClInclude>
    <ClInclude Include="..\..\code\Profiler.h">
      <Filter>sources\core</Filter>
    </ClInclude>
    <ClInclude Include="..\..\code\qnan.h">
      <Filter>sources\core</Filter>
    </ClInclude>
    <ClInclude Include="..\..\code\ScenePrivate.h">
      <Filter>sources\core</Filter>
    </ClInclude>
    <ClInclude Include="..\..\code\StandardShapes.h">
      <Filter>sources\core</Filter>
    </ClInclude>
    <ClInclude Include="..\..\code\StringComparison.h">
      <Filter>sources\core</Filter>
    </ClInclude>
    <ClInclude Include="..\..\code\TinyFormatter.h">
      <Filter>sources\core</Filter>
    </ClInclude>
    <ClInclude Include="..\..\code\Vertex.h">
      <Filter>sources\core</Filter>
    </ClInclude>
    <ClInclude Include="..\..\code\FileLogStream.h">
      <Filter>sources\logging</Filter>
    </ClInclude>
    <ClInclude Include="..\..\code\StdOStreamLogStream.h">
      <Filter>sources\logging</Filter>
    </ClInclude>
    <ClInclude Include="..\..\code\Win32DebugLogStream.h">
      <Filter>sources\logging</Filter>
    </ClInclude>
    <ClInclude Include="..\..\code\CInterfaceIOWrapper.h">
      <Filter>sources\filesystem</Filter>
    </ClInclude>
    <ClInclude Include="..\..\code\DefaultIOStream.h">
      <Filter>sources\filesystem</Filter>
    </ClInclude>
    <ClInclude Include="..\..\code\DefaultIOSystem.h">
      <Filter>sources\filesystem</Filter>
    </ClInclude>
    <ClInclude Include="..\..\code\FileSystemFilter.h">
      <Filter>sources\filesystem</Filter>
    </ClInclude>
    <ClInclude Include="..\..\code\MemoryIOWrapper.h">
      <Filter>sources\filesystem</Filter>
    </ClInclude>
    <ClInclude Include="..\..\code\BaseImporter.h">
      <Filter>sources\core_import</Filter>
    </ClInclude>
    <ClInclude Include="..\..\code\DefaultProgressHandler.h">
      <Filter>sources\core_import</Filter>
    </ClInclude>
    <ClInclude Include="..\..\code\fast_atof.h">
      <Filter>sources\core_import</Filter>
    </ClInclude>
    <ClInclude Include="..\..\code\IFF.h">
      <Filter>sources\core_import</Filter>
    </ClInclude>
    <ClInclude Include="..\..\code\Importer.h">
      <Filter>sources\core_import</Filter>
    </ClInclude>
    <ClInclude Include="..\..\code\LineSplitter.h">
      <Filter>sources\core_import</Filter>
    </ClInclude>
    <ClInclude Include="..\..\code\ParsingUtils.h">
      <Filter>sources\core_import</Filter>
    </ClInclude>
    <ClInclude Include="..\..\code\RemoveComments.h">
      <Filter>sources\core_import</Filter>
    </ClInclude>
    <ClInclude Include="..\..\code\SceneCombiner.h">
      <Filter>sources\core_import</Filter>
    </ClInclude>
    <ClInclude Include="..\..\code\ScenePreprocessor.h">
      <Filter>sources\core_import</Filter>
    </ClInclude>
    <ClInclude Include="..\..\code\SGSpatialSort.h">
      <Filter>sources\core_import</Filter>
    </ClInclude>
    <ClInclude Include="..\..\code\SkeletonMeshBuilder.h">
      <Filter>sources\core_import</Filter>
    </ClInclude>
    <ClInclude Include="..\..\code\SmoothingGroups.h">
      <Filter>sources\core_import</Filter>
    </ClInclude>
    <ClInclude Include="..\..\code\SpatialSort.h">
      <Filter>sources\core_import</Filter>
    </ClInclude>
    <ClInclude Include="..\..\code\StreamReader.h">
      <Filter>sources\core_import</Filter>
    </ClInclude>
    <ClInclude Include="..\..\code\Subdivision.h">
      <Filter>sources\core_import</Filter>
    </ClInclude>
    <ClInclude Include="..\..\code\TargetAnimation.h">
      <Filter>sources\core_import</Filter>
    </ClInclude>
    <ClInclude Include="..\..\code\VertexTriangleAdjacency.h">
      <Filter>sources\core_import</Filter>
    </ClInclude>
    <ClInclude Include="..\..\contrib\irrXML\CXMLReaderImpl.h">
      <Filter>sources\extern\irrXML</Filter>
    </ClInclude>
    <ClInclude Include="..\..\contrib\irrXML\fast_atof.h">
      <Filter>sources\extern\irrXML</Filter>
    </ClInclude>
    <ClInclude Include="..\..\contrib\irrXML\heapsort.h">
      <Filter>sources\extern\irrXML</Filter>
    </ClInclude>
    <ClInclude Include="..\..\contrib\irrXML\irrArray.h">
      <Filter>sources\extern\irrXML</Filter>
    </ClInclude>
    <ClInclude Include="..\..\contrib\irrXML\irrString.h">
      <Filter>sources\extern\irrXML</Filter>
    </ClInclude>
    <ClInclude Include="..\..\contrib\irrXML\irrTypes.h">
      <Filter>sources\extern\irrXML</Filter>
    </ClInclude>
    <ClInclude Include="..\..\contrib\irrXML\irrXML.h">
      <Filter>sources\extern\irrXML</Filter>
    </ClInclude>
    <ClInclude Include="..\..\code\irrXMLWrapper.h">
      <Filter>sources\extern\irrXML</Filter>
    </ClInclude>
    <ClInclude Include="..\..\contrib\zlib\crc32.h">
      <Filter>sources\extern\zLib</Filter>
    </ClInclude>
    <ClInclude Include="..\..\contrib\unzip\crypt.h">
      <Filter>sources\extern\zLib</Filter>
    </ClInclude>
    <ClInclude Include="..\..\contrib\zlib\inffast.h">
      <Filter>sources\extern\zLib</Filter>
    </ClInclude>
    <ClInclude Include="..\..\contrib\zlib\inffixed.h">
      <Filter>sources\extern\zLib</Filter>
    </ClInclude>
    <ClInclude Include="..\..\contrib\zlib\inflate.h">
      <Filter>sources\extern\zLib</Filter>
    </ClInclude>
    <ClInclude Include="..\..\contrib\zlib\inftrees.h">
      <Filter>sources\extern\zLib</Filter>
    </ClInclude>
    <ClInclude Include="..\..\contrib\unzip\ioapi.h">
      <Filter>sources\extern\zLib</Filter>
    </ClInclude>
    <ClInclude Include="..\..\contrib\unzip\unzip.h">
      <Filter>sources\extern\zLib</Filter>
    </ClInclude>
    <ClInclude Include="..\..\contrib\zlib\zconf.h">
      <Filter>sources\extern\zLib</Filter>
    </ClInclude>
    <ClInclude Include="..\..\contrib\zlib\zconf.in.h">
      <Filter>sources\extern\zLib</Filter>
    </ClInclude>
    <ClInclude Include="..\..\contrib\zlib\zlib.h">
      <Filter>sources\extern\zLib</Filter>
    </ClInclude>
    <ClInclude Include="..\..\contrib\zlib\zutil.h">
      <Filter>sources\extern\zLib</Filter>
    </ClInclude>
    <ClInclude Include="..\..\contrib\ConvertUTF\ConvertUTF.h">
      <Filter>sources\extern\ConvertUTF</Filter>
    </ClInclude>
    <ClInclude Include="..\..\contrib\poly2tri\poly2tri\sweep\advancing_front.h">
      <Filter>sources\extern\poly2tri</Filter>
    </ClInclude>
    <ClInclude Include="..\..\contrib\poly2tri\poly2tri\sweep\cdt.h">
      <Filter>sources\extern\poly2tri</Filter>
    </ClInclude>
    <ClInclude Include="..\..\contrib\poly2tri\poly2tri\poly2tri.h">
      <Filter>sources\extern\poly2tri</Filter>
    </ClInclude>
    <ClInclude Include="..\..\contrib\poly2tri\poly2tri\common\shapes.h">
      <Filter>sources\extern\poly2tri</Filter>
    </ClInclude>
    <ClInclude Include="..\..\contrib\poly2tri\poly2tri\sweep\sweep.h">
      <Filter>sources\extern\poly2tri</Filter>
    </ClInclude>
    <ClInclude Include="..\..\contrib\poly2tri\poly2tri\sweep\sweep_context.h">
      <Filter>sources\extern\poly2tri</Filter>
    </ClInclude>
    <ClInclude Include="..\..\contrib\poly2tri\poly2tri\common\utils.h">
      <Filter>sources\extern\poly2tri</Filter>
    </ClInclude>
    <ClInclude Include="..\..\contrib\clipper\clipper.hpp">
      <Filter>sources\extern\clipper</Filter>
    </ClInclude>
    <ClInclude Include="..\..\code\BoostWorkaround\boost\foreach.hpp">
      <Filter>sources\noboost</Filter>
    </ClInclude>
    <ClInclude Include="..\..\code\BoostWorkaround\boost\format.hpp">
      <Filter>sources\noboost</Filter>
    </ClInclude>
    <ClInclude Include="..\..\code\BoostWorkaround\boost\lexical_cast.hpp">
      <Filter>sources\noboost</Filter>
    </ClInclude>
    <ClInclude Include="..\..\code\BoostWorkaround\boost\make_shared.hpp">
      <Filter>sources\noboost</Filter>
    </ClInclude>
    <ClInclude Include="..\..\code\BoostWorkaround\boost\pointer_cast.hpp">
      <Filter>sources\noboost</Filter>
    </ClInclude>
    <ClInclude Include="..\..\code\BoostWorkaround\boost\scoped_array.hpp">
      <Filter>sources\noboost</Filter>
    </ClInclude>
    <ClInclude Include="..\..\code\BoostWorkaround\boost\scoped_ptr.hpp">
      <Filter>sources\noboost</Filter>
    </ClInclude>
    <ClInclude Include="..\..\code\BoostWorkaround\boost\shared_array.hpp">
      <Filter>sources\noboost</Filter>
    </ClInclude>
    <ClInclude Include="..\..\code\BoostWorkaround\boost\shared_ptr.hpp">
      <Filter>sources\noboost</Filter>
    </ClInclude>
    <ClInclude Include="..\..\code\BoostWorkaround\boost\static_assert.hpp">
      <Filter>sources\noboost</Filter>
    </ClInclude>
    <ClInclude Include="..\..\code\BoostWorkaround\boost\tuple\tuple.hpp">
      <Filter>sources\noboost\tuple</Filter>
    </ClInclude>
    <ClInclude Include="..\..\code\BoostWorkaround\boost\math\common_factor_rt.hpp">
      <Filter>sources\noboost\math</Filter>
    </ClInclude>
    <ClInclude Include="..\..\code\BlobIOSystem.h">
      <Filter>sources\core_export</Filter>
    </ClInclude>
    <ClInclude Include="..\..\code\ColladaExporter.h">
      <Filter>sources\exporters\collada</Filter>
    </ClInclude>
    <ClInclude Include="..\..\code\ObjExporter.h">
      <Filter>sources\exporters\obj</Filter>
    </ClInclude>
    <ClInclude Include="..\..\code\STLExporter.h">
      <Filter>sources\exporters\stl</Filter>
    </ClInclude>
    <ClInclude Include="..\..\code\PlyExporter.h">
      <Filter>sources\exporters\ply</Filter>
    </ClInclude>
    <ClInclude Include="..\..\doc\dox.h">
      <Filter>doc</Filter>
    </ClInclude>
    <ClInclude Include="..\..\code\res\resource.h">
      <Filter>resources</Filter>
    </ClInclude>
  </ItemGroup>
  <ItemGroup>
    <None Include="..\..\include\assimp\color4.inl">
      <Filter>include\Common</Filter>
    </None>
    <None Include="..\..\include\assimp\material.inl">
      <Filter>include\Common</Filter>
    </None>
    <None Include="..\..\include\assimp\matrix3x3.inl">
      <Filter>include\Common</Filter>
    </None>
    <None Include="..\..\include\assimp\matrix4x4.inl">
      <Filter>include\Common</Filter>
    </None>
    <None Include="..\..\include\assimp\quaternion.inl">
      <Filter>include\Common</Filter>
    </None>
    <None Include="..\..\include\assimp\vector2.inl">
      <Filter>include\Common</Filter>
    </None>
    <None Include="..\..\include\assimp\vector3.inl">
      <Filter>include\Common</Filter>
    </None>
    <None Include="..\..\code\BlenderDNA.inl">
      <Filter>sources\importers\blend</Filter>
    </None>
    <None Include="..\..\code\SmoothingGroups.inl">
      <Filter>sources\core_import</Filter>
    </None>
  </ItemGroup>
  <ItemGroup>
    <ClCompile Include="..\..\code\3DSConverter.cpp">
      <Filter>sources\importers\3ds</Filter>
    </ClCompile>
    <ClCompile Include="..\..\code\3DSLoader.cpp">
      <Filter>sources\importers\3ds</Filter>
    </ClCompile>
    <ClCompile Include="..\..\code\ASELoader.cpp">
      <Filter>sources\importers\ase</Filter>
    </ClCompile>
    <ClCompile Include="..\..\code\ASEParser.cpp">
      <Filter>sources\importers\ase</Filter>
    </ClCompile>
    <ClCompile Include="..\..\code\HMPLoader.cpp">
      <Filter>sources\importers\hmp</Filter>
    </ClCompile>
    <ClCompile Include="..\..\code\LWOBLoader.cpp">
      <Filter>sources\importers\lwo</Filter>
    </ClCompile>
    <ClCompile Include="..\..\code\LWOLoader.cpp">
      <Filter>sources\importers\lwo</Filter>
    </ClCompile>
    <ClCompile Include="..\..\code\LWOMaterial.cpp">
      <Filter>sources\importers\lwo</Filter>
    </ClCompile>
    <ClCompile Include="..\..\code\MD3Loader.cpp">
      <Filter>sources\importers\md3</Filter>
    </ClCompile>
    <ClCompile Include="..\..\code\MD5Loader.cpp">
      <Filter>sources\importers\md5</Filter>
    </ClCompile>
    <ClCompile Include="..\..\code\MD5Parser.cpp">
      <Filter>sources\importers\md5</Filter>
    </ClCompile>
    <ClCompile Include="..\..\code\MDCLoader.cpp">
      <Filter>sources\importers\mdc</Filter>
    </ClCompile>
    <ClCompile Include="..\..\code\MDLLoader.cpp">
      <Filter>sources\importers\mdl</Filter>
    </ClCompile>
    <ClCompile Include="..\..\code\MDLMaterialLoader.cpp">
      <Filter>sources\importers\mdl</Filter>
    </ClCompile>
    <ClCompile Include="..\..\code\ObjFileImporter.cpp">
      <Filter>sources\importers\obj</Filter>
    </ClCompile>
    <ClCompile Include="..\..\code\ObjFileMtlImporter.cpp">
      <Filter>sources\importers\obj</Filter>
    </ClCompile>
    <ClCompile Include="..\..\code\ObjFileParser.cpp">
      <Filter>sources\importers\obj</Filter>
    </ClCompile>
    <ClCompile Include="..\..\code\PlyLoader.cpp">
      <Filter>sources\importers\ply</Filter>
    </ClCompile>
    <ClCompile Include="..\..\code\PlyParser.cpp">
      <Filter>sources\importers\ply</Filter>
    </ClCompile>
    <ClCompile Include="..\..\code\SMDLoader.cpp">
      <Filter>sources\importers\smd</Filter>
    </ClCompile>
    <ClCompile Include="..\..\code\STLLoader.cpp">
      <Filter>sources\importers\stl</Filter>
    </ClCompile>
    <ClCompile Include="..\..\code\XFileImporter.cpp">
      <Filter>sources\importers\x</Filter>
    </ClCompile>
    <ClCompile Include="..\..\code\XFileParser.cpp">
      <Filter>sources\importers\x</Filter>
    </ClCompile>
    <ClCompile Include="..\..\code\DXFLoader.cpp">
      <Filter>sources\importers\dxf</Filter>
    </ClCompile>
    <ClCompile Include="..\..\code\RawLoader.cpp">
      <Filter>sources\importers\raw</Filter>
    </ClCompile>
    <ClCompile Include="..\..\code\NFFLoader.cpp">
      <Filter>sources\importers\nff</Filter>
    </ClCompile>
    <ClCompile Include="..\..\code\OFFLoader.cpp">
      <Filter>sources\importers\off</Filter>
    </ClCompile>
    <ClCompile Include="..\..\code\ACLoader.cpp">
      <Filter>sources\importers\ac</Filter>
    </ClCompile>
    <ClCompile Include="..\..\code\LWOAnimation.cpp">
      <Filter>sources\importers\lws</Filter>
    </ClCompile>
    <ClCompile Include="..\..\code\LWSLoader.cpp">
      <Filter>sources\importers\lws</Filter>
    </ClCompile>
    <ClCompile Include="..\..\code\BVHLoader.cpp">
      <Filter>sources\importers\bvh</Filter>
    </ClCompile>
    <ClCompile Include="..\..\code\IRRMeshLoader.cpp">
      <Filter>sources\importers\irrmesh</Filter>
    </ClCompile>
    <ClCompile Include="..\..\code\IRRLoader.cpp">
      <Filter>sources\importers\irr</Filter>
    </ClCompile>
    <ClCompile Include="..\..\code\IRRShared.cpp">
      <Filter>sources\importers\irr</Filter>
    </ClCompile>
    <ClCompile Include="..\..\code\Q3DLoader.cpp">
      <Filter>sources\importers\q3d</Filter>
    </ClCompile>
    <ClCompile Include="..\..\code\B3DImporter.cpp">
      <Filter>sources\importers\b3d</Filter>
    </ClCompile>
    <ClCompile Include="..\..\code\ColladaLoader.cpp">
      <Filter>sources\importers\collada</Filter>
    </ClCompile>
    <ClCompile Include="..\..\code\ColladaParser.cpp">
      <Filter>sources\importers\collada</Filter>
    </ClCompile>
    <ClCompile Include="..\..\code\TerragenLoader.cpp">
      <Filter>sources\importers\ter</Filter>
    </ClCompile>
    <ClCompile Include="..\..\code\CSMLoader.cpp">
      <Filter>sources\importers\csm</Filter>
    </ClCompile>
    <ClCompile Include="..\..\code\UnrealLoader.cpp">
      <Filter>sources\importers\unreal</Filter>
    </ClCompile>
    <ClCompile Include="..\..\code\NDOLoader.cpp">
      <Filter>sources\importers\ndo</Filter>
    </ClCompile>
    <ClCompile Include="..\..\code\OgreImporter.cpp">
      <Filter>sources\importers\ogre</Filter>
    </ClCompile>
    <ClCompile Include="..\..\code\OgreMaterial.cpp">
      <Filter>sources\importers\ogre</Filter>
    </ClCompile>
    <ClCompile Include="..\..\code\OgreMesh.cpp">
      <Filter>sources\importers\ogre</Filter>
    </ClCompile>
    <ClCompile Include="..\..\code\OgreSkeleton.cpp">
      <Filter>sources\importers\ogre</Filter>
    </ClCompile>
    <ClCompile Include="..\..\code\MS3DLoader.cpp">
      <Filter>sources\importers\ms3d</Filter>
    </ClCompile>
    <ClCompile Include="..\..\code\COBLoader.cpp">
      <Filter>sources\importers\cob</Filter>
    </ClCompile>
    <ClCompile Include="..\..\code\BlenderDNA.cpp">
      <Filter>sources\importers\blend</Filter>
    </ClCompile>
    <ClCompile Include="..\..\code\BlenderLoader.cpp">
      <Filter>sources\importers\blend</Filter>
    </ClCompile>
    <ClCompile Include="..\..\code\BlenderModifier.cpp">
      <Filter>sources\importers\blend</Filter>
    </ClCompile>
    <ClCompile Include="..\..\code\BlenderScene.cpp">
      <Filter>sources\importers\blend</Filter>
    </ClCompile>
    <ClCompile Include="..\..\code\Q3BSPFileImporter.cpp">
      <Filter>sources\importers\q3bsp</Filter>
    </ClCompile>
    <ClCompile Include="..\..\code\Q3BSPFileParser.cpp">
      <Filter>sources\importers\q3bsp</Filter>
    </ClCompile>
    <ClCompile Include="..\..\code\Q3BSPZipArchive.cpp">
      <Filter>sources\importers\q3bsp</Filter>
    </ClCompile>
    <ClCompile Include="..\..\code\MD2Loader.cpp">
      <Filter>sources\importers\md2</Filter>
    </ClCompile>
    <ClCompile Include="..\..\code\IFCCurve.cpp">
      <Filter>sources\importers\ifc</Filter>
    </ClCompile>
    <ClCompile Include="..\..\code\IFCGeometry.cpp">
      <Filter>sources\importers\ifc</Filter>
    </ClCompile>
    <ClCompile Include="..\..\code\IFCLoader.cpp">
      <Filter>sources\importers\ifc</Filter>
    </ClCompile>
    <ClCompile Include="..\..\code\IFCMaterial.cpp">
      <Filter>sources\importers\ifc</Filter>
    </ClCompile>
    <ClCompile Include="..\..\code\IFCProfile.cpp">
      <Filter>sources\importers\ifc</Filter>
    </ClCompile>
    <ClCompile Include="..\..\code\IFCReaderGen.cpp">
      <Filter>sources\importers\ifc</Filter>
    </ClCompile>
    <ClCompile Include="..\..\code\IFCUtil.cpp">
      <Filter>sources\importers\ifc</Filter>
    </ClCompile>
    <ClCompile Include="..\..\code\STEPFileReader.cpp">
      <Filter>sources\importers\ifc</Filter>
    </ClCompile>
    <ClCompile Include="..\..\code\M3Importer.cpp">
      <Filter>sources\importers\m3</Filter>
    </ClCompile>
    <ClCompile Include="..\..\code\XGLLoader.cpp">
      <Filter>sources\importers\xgl</Filter>
    </ClCompile>
    <ClCompile Include="..\..\code\BaseProcess.cpp">
      <Filter>sources\postprocessing</Filter>
    </ClCompile>
    <ClCompile Include="..\..\code\CalcTangentsProcess.cpp">
      <Filter>sources\postprocessing</Filter>
    </ClCompile>
    <ClCompile Include="..\..\code\ComputeUVMappingProcess.cpp">
      <Filter>sources\postprocessing</Filter>
    </ClCompile>
    <ClCompile Include="..\..\code\ConvertToLHProcess.cpp">
      <Filter>sources\postprocessing</Filter>
    </ClCompile>
    <ClCompile Include="..\..\code\DeboneProcess.cpp">
      <Filter>sources\postprocessing</Filter>
    </ClCompile>
    <ClCompile Include="..\..\code\FindDegenerates.cpp">
      <Filter>sources\postprocessing</Filter>
    </ClCompile>
    <ClCompile Include="..\..\code\FindInstancesProcess.cpp">
      <Filter>sources\postprocessing</Filter>
    </ClCompile>
    <ClCompile Include="..\..\code\FindInvalidDataProcess.cpp">
      <Filter>sources\postprocessing</Filter>
    </ClCompile>
    <ClCompile Include="..\..\code\FixNormalsStep.cpp">
      <Filter>sources\postprocessing</Filter>
    </ClCompile>
    <ClCompile Include="..\..\code\GenFaceNormalsProcess.cpp">
      <Filter>sources\postprocessing</Filter>
    </ClCompile>
    <ClCompile Include="..\..\code\GenVertexNormalsProcess.cpp">
      <Filter>sources\postprocessing</Filter>
    </ClCompile>
    <ClCompile Include="..\..\code\ImproveCacheLocality.cpp">
      <Filter>sources\postprocessing</Filter>
    </ClCompile>
    <ClCompile Include="..\..\code\JoinVerticesProcess.cpp">
      <Filter>sources\postprocessing</Filter>
    </ClCompile>
    <ClCompile Include="..\..\code\LimitBoneWeightsProcess.cpp">
      <Filter>sources\postprocessing</Filter>
    </ClCompile>
    <ClCompile Include="..\..\code\MakeVerboseFormat.cpp">
      <Filter>sources\postprocessing</Filter>
    </ClCompile>
    <ClCompile Include="..\..\code\OptimizeGraph.cpp">
      <Filter>sources\postprocessing</Filter>
    </ClCompile>
    <ClCompile Include="..\..\code\OptimizeMeshes.cpp">
      <Filter>sources\postprocessing</Filter>
    </ClCompile>
    <ClCompile Include="..\..\code\PretransformVertices.cpp">
      <Filter>sources\postprocessing</Filter>
    </ClCompile>
    <ClCompile Include="..\..\code\ProcessHelper.cpp">
      <Filter>sources\postprocessing</Filter>
    </ClCompile>
    <ClCompile Include="..\..\code\RemoveRedundantMaterials.cpp">
      <Filter>sources\postprocessing</Filter>
    </ClCompile>
    <ClCompile Include="..\..\code\RemoveVCProcess.cpp">
      <Filter>sources\postprocessing</Filter>
    </ClCompile>
    <ClCompile Include="..\..\code\SortByPTypeProcess.cpp">
      <Filter>sources\postprocessing</Filter>
    </ClCompile>
    <ClCompile Include="..\..\code\SplitByBoneCountProcess.cpp">
      <Filter>sources\postprocessing</Filter>
    </ClCompile>
    <ClCompile Include="..\..\code\SplitLargeMeshes.cpp">
      <Filter>sources\postprocessing</Filter>
    </ClCompile>
    <ClCompile Include="..\..\code\TextureTransform.cpp">
      <Filter>sources\postprocessing</Filter>
    </ClCompile>
    <ClCompile Include="..\..\code\TriangulateProcess.cpp">
      <Filter>sources\postprocessing</Filter>
    </ClCompile>
    <ClCompile Include="..\..\code\ValidateDataStructure.cpp">
      <Filter>sources\postprocessing</Filter>
    </ClCompile>
    <ClCompile Include="..\..\code\AssimpPCH.cpp">
      <Filter>sources\core</Filter>
    </ClCompile>
    <ClCompile Include="..\..\code\MaterialSystem.cpp">
      <Filter>sources\core</Filter>
    </ClCompile>
    <ClCompile Include="..\..\code\StandardShapes.cpp">
      <Filter>sources\core</Filter>
    </ClCompile>
    <ClCompile Include="..\..\code\DefaultLogger.cpp">
      <Filter>sources\logging</Filter>
    </ClCompile>
    <ClCompile Include="..\..\code\DefaultIOStream.cpp">
      <Filter>sources\filesystem</Filter>
    </ClCompile>
    <ClCompile Include="..\..\code\DefaultIOSystem.cpp">
      <Filter>sources\filesystem</Filter>
    </ClCompile>
    <ClCompile Include="..\..\code\Assimp.cpp">
      <Filter>sources\core_import</Filter>
    </ClCompile>
    <ClCompile Include="..\..\code\BaseImporter.cpp">
      <Filter>sources\core_import</Filter>
    </ClCompile>
    <ClCompile Include="..\..\code\Importer.cpp">
      <Filter>sources\core_import</Filter>
    </ClCompile>
    <ClCompile Include="..\..\code\ImporterRegistry.cpp">
      <Filter>sources\core_import</Filter>
    </ClCompile>
    <ClCompile Include="..\..\code\PostStepRegistry.cpp">
      <Filter>sources\core_import</Filter>
    </ClCompile>
    <ClCompile Include="..\..\code\RemoveComments.cpp">
      <Filter>sources\core_import</Filter>
    </ClCompile>
    <ClCompile Include="..\..\code\SceneCombiner.cpp">
      <Filter>sources\core_import</Filter>
    </ClCompile>
    <ClCompile Include="..\..\code\ScenePreprocessor.cpp">
      <Filter>sources\core_import</Filter>
    </ClCompile>
    <ClCompile Include="..\..\code\SGSpatialSort.cpp">
      <Filter>sources\core_import</Filter>
    </ClCompile>
    <ClCompile Include="..\..\code\SkeletonMeshBuilder.cpp">
      <Filter>sources\core_import</Filter>
    </ClCompile>
    <ClCompile Include="..\..\code\SpatialSort.cpp">
      <Filter>sources\core_import</Filter>
    </ClCompile>
    <ClCompile Include="..\..\code\Subdivision.cpp">
      <Filter>sources\core_import</Filter>
    </ClCompile>
    <ClCompile Include="..\..\code\TargetAnimation.cpp">
      <Filter>sources\core_import</Filter>
    </ClCompile>
    <ClCompile Include="..\..\code\VertexTriangleAdjacency.cpp">
      <Filter>sources\core_import</Filter>
    </ClCompile>
    <ClCompile Include="..\..\contrib\irrXML\irrXML.cpp">
      <Filter>sources\extern\irrXML</Filter>
    </ClCompile>
    <ClCompile Include="..\..\contrib\zlib\adler32.c">
      <Filter>sources\extern\zLib</Filter>
    </ClCompile>
    <ClCompile Include="..\..\contrib\zlib\crc32.c">
      <Filter>sources\extern\zLib</Filter>
    </ClCompile>
    <ClCompile Include="..\..\contrib\zlib\inffast.c">
      <Filter>sources\extern\zLib</Filter>
    </ClCompile>
    <ClCompile Include="..\..\contrib\zlib\inflate.c">
      <Filter>sources\extern\zLib</Filter>
    </ClCompile>
    <ClCompile Include="..\..\contrib\zlib\inftrees.c">
      <Filter>sources\extern\zLib</Filter>
    </ClCompile>
    <ClCompile Include="..\..\contrib\unzip\ioapi.c">
      <Filter>sources\extern\zLib</Filter>
    </ClCompile>
    <ClCompile Include="..\..\contrib\unzip\unzip.c">
      <Filter>sources\extern\zLib</Filter>
    </ClCompile>
    <ClCompile Include="..\..\contrib\zlib\zutil.c">
      <Filter>sources\extern\zLib</Filter>
    </ClCompile>
    <ClCompile Include="..\..\contrib\ConvertUTF\ConvertUTF.c">
      <Filter>sources\extern\ConvertUTF</Filter>
    </ClCompile>
    <ClCompile Include="..\..\contrib\poly2tri\poly2tri\sweep\advancing_front.cc">
      <Filter>sources\extern\poly2tri</Filter>
    </ClCompile>
    <ClCompile Include="..\..\contrib\poly2tri\poly2tri\sweep\cdt.cc">
      <Filter>sources\extern\poly2tri</Filter>
    </ClCompile>
    <ClCompile Include="..\..\contrib\poly2tri\poly2tri\common\shapes.cc">
      <Filter>sources\extern\poly2tri</Filter>
    </ClCompile>
    <ClCompile Include="..\..\contrib\poly2tri\poly2tri\sweep\sweep.cc">
      <Filter>sources\extern\poly2tri</Filter>
    </ClCompile>
    <ClCompile Include="..\..\contrib\poly2tri\poly2tri\sweep\sweep_context.cc">
      <Filter>sources\extern\poly2tri</Filter>
    </ClCompile>
    <ClCompile Include="..\..\contrib\clipper\clipper.cpp">
      <Filter>sources\extern\clipper</Filter>
    </ClCompile>
    <ClCompile Include="..\..\code\AssimpCExport.cpp">
      <Filter>sources\core_export</Filter>
    </ClCompile>
    <ClCompile Include="..\..\code\Exporter.cpp">
      <Filter>sources\core_export</Filter>
    </ClCompile>
    <ClCompile Include="..\..\code\ColladaExporter.cpp">
      <Filter>sources\exporters\collada</Filter>
    </ClCompile>
    <ClCompile Include="..\..\code\ObjExporter.cpp">
      <Filter>sources\exporters\obj</Filter>
    </ClCompile>
    <ClCompile Include="..\..\code\STLExporter.cpp">
      <Filter>sources\exporters\stl</Filter>
    </ClCompile>
    <ClCompile Include="..\..\code\PlyExporter.cpp">
      <Filter>sources\exporters\ply</Filter>
    </ClCompile>
  </ItemGroup>
  <ItemGroup>
    <Xml Include="..\..\doc\datastructure.xml">
      <Filter>doc</Filter>
    </Xml>
  </ItemGroup>
  <ItemGroup>
    <Text Include="..\..\doc\Preamble.txt">
      <Filter>doc</Filter>
    </Text>
  </ItemGroup>
  <ItemGroup>
    <ResourceCompile Include="..\..\code\res\assimp.rc">
      <Filter>resources</Filter>
    </ResourceCompile>
  </ItemGroup>
</Project>