<?xml version="1.0" encoding="utf-8"?>
<Project ToolsVersion="4.0" xmlns="http://schemas.microsoft.com/developer/msbuild/2003">
  <ItemGroup>
    <Filter Include="Graphics">
      <UniqueIdentifier>{44a55a1b-9fbb-49ff-8281-170f83dcb9c4}</UniqueIdentifier>
    </Filter>
    <Filter Include="Core">
      <UniqueIdentifier>{20aad2e7-8514-4c9b-b42b-44b69411a99b}</UniqueIdentifier>
    </Filter>
    <Filter Include="Shaders">
      <UniqueIdentifier>{3258877a-fab4-4251-b6af-e4913befc46b}</UniqueIdentifier>
    </Filter>
  </ItemGroup>
  <ItemGroup>
    <ClCompile Include="..\crate_demo\main.cpp">
      <Filter>Core</Filter>
    </ClCompile>
    <ClCompile Include="..\crate_demo\graphics_manager.cpp">
      <Filter>Graphics</Filter>
    </ClCompile>
    <ClCompile Include="..\crate_demo\game_state_manager.cpp">
      <Filter>Graphics</Filter>
    </ClCompile>
  </ItemGroup>
  <ItemGroup>
    <ClInclude Include="..\crate_demo\graphics_manager.h">
      <Filter>Graphics</Filter>
    </ClInclude>
    <ClInclude Include="..\crate_demo\game_state_manager.h">
      <Filter>Graphics</Filter>
    </ClInclude>
  </ItemGroup>
  <ItemGroup>
    <FxCompile Include="..\crate_demo\pixel_shader.hlsl">
      <Filter>Shaders</Filter>
    </FxCompile>
    <FxCompile Include="..\crate_demo\vertex_shader.hlsl">
      <Filter>Shaders</Filter>
    </FxCompile>
  </ItemGroup>
  <ItemGroup>
    <None Include="..\crate_demo\types.hlsli">
      <Filter>Shaders</Filter>
    </None>
  </ItemGroup>
</Project>