<?xml version="1.0" encoding="utf-8"?>
<Project ToolsVersion="4.0" xmlns="http://schemas.microsoft.com/developer/msbuild/2003">
  <ItemGroup>
    <ClCompile Include="..\deferred_shading_demo\main.cpp">
      <Filter>Core</Filter>
    </ClCompile>
    <ClCompile Include="..\deferred_shading_demo\deferred_shading_demo.cpp">
      <Filter>Core</Filter>
    </ClCompile>
    <ClCompile Include="..\deferred_shading_demo\deferred_shading_demo_update.cpp">
      <Filter>Core</Filter>
    </ClCompile>
    <ClCompile Include="..\deferred_shading_demo\deferred_shading_demo_init.cpp">
      <Filter>Core</Filter>
    </ClCompile>
    <ClCompile Include="..\deferred_shading_demo\deferred_shading_demo_draw.cpp">
      <Filter>Core</Filter>
    </ClCompile>
  </ItemGroup>
  <ItemGroup>
    <ClInclude Include="..\deferred_shading_demo\shader_constants.h">
      <Filter>Shader Logic</Filter>
    </ClInclude>
    <ClInclude Include="..\deferred_shading_demo\deferred_shading_demo.h">
      <Filter>Core</Filter>
    </ClInclude>
  </ItemGroup>
  <ItemGroup>
    <FxCompile Include="..\deferred_shading_demo\gbuffer_pixel_shader.hlsl">
      <Filter>Shader Logic</Filter>
    </FxCompile>
    <FxCompile Include="..\deferred_shading_demo\gbuffer_vertex_shader.hlsl">
      <Filter>Shader Logic</Filter>
    </FxCompile>
    <FxCompile Include="..\deferred_shading_demo\forward_vertex_shader.hlsl">
      <Filter>Shader Logic</Filter>
    </FxCompile>
    <FxCompile Include="..\deferred_shading_demo\forward_pixel_shader.hlsl">
      <Filter>Shader Logic</Filter>
    </FxCompile>
    <FxCompile Include="no_cull_final_gather_pixel_shader.hlsl">
      <Filter>Shader Logic</Filter>
    </FxCompile>
    <FxCompile Include="..\deferred_shading_demo\fullscreen_triangle_vertex_shader.hlsl">
      <Filter>Shader Logic</Filter>
    </FxCompile>
  </ItemGroup>
  <ItemGroup>
    <Filter Include="Core">
      <UniqueIdentifier>{00a7c036-e9dc-4f8a-a86d-e66ce769d920}</UniqueIdentifier>
    </Filter>
    <Filter Include="Shader Logic">
      <UniqueIdentifier>{7fc27e5e-8d56-4dda-8fd4-d1e839a58407}</UniqueIdentifier>
    </Filter>
  </ItemGroup>
  <ItemGroup>
    <None Include="..\deferred_shading_demo\types.hlsli">
      <Filter>Shader Logic</Filter>
    </None>
    <None Include="..\deferred_shading_demo\hlsl_util.hlsli">
      <Filter>Shader Logic</Filter>
    </None>
  </ItemGroup>
</Project>