<?xml version="1.0" encoding="utf-8"?>
<Project ToolsVersion="4.0" xmlns="http://schemas.microsoft.com/developer/msbuild/2003">
  <ItemGroup>
    <ClCompile Include="..\deferred_shading_demo\main.cpp">
      <Filter>Core</Filter>
    </ClCompile>
    <ClCompile Include="..\deferred_shading_demo\game_state_manager.cpp">
      <Filter>Simulation Logic</Filter>
    </ClCompile>
    <ClCompile Include="..\deferred_shading_demo\graphics_manager.cpp">
      <Filter>Graphics</Filter>
    </ClCompile>
  </ItemGroup>
  <ItemGroup>
    <ClInclude Include="..\deferred_shading_demo\game_state_manager.h">
      <Filter>Simulation Logic</Filter>
    </ClInclude>
    <ClInclude Include="..\deferred_shading_demo\graphics_manager.h">
      <Filter>Graphics</Filter>
    </ClInclude>
    <ClInclude Include="..\deferred_shading_demo\shader_constants.h">
      <Filter>Shader Logic</Filter>
    </ClInclude>
  </ItemGroup>
  <ItemGroup>
    <FxCompile Include="..\deferred_shading_demo\pixel_shader.hlsl">
      <Filter>Shader Logic</Filter>
    </FxCompile>
    <FxCompile Include="..\deferred_shading_demo\vertex_shader.hlsl">
      <Filter>Shader Logic</Filter>
    </FxCompile>
    <FxCompile Include="..\deferred_shading_demo\deferred_pixel_shader.hlsl">
      <Filter>Shader Logic</Filter>
    </FxCompile>
  </ItemGroup>
  <ItemGroup>
    <Filter Include="Core">
      <UniqueIdentifier>{00a7c036-e9dc-4f8a-a86d-e66ce769d920}</UniqueIdentifier>
    </Filter>
    <Filter Include="Graphics">
      <UniqueIdentifier>{95e2ae54-5118-4fda-b5f0-57cd7db53d03}</UniqueIdentifier>
    </Filter>
    <Filter Include="Simulation Logic">
      <UniqueIdentifier>{ccb0a496-8573-488e-914f-dd9d5cb29de8}</UniqueIdentifier>
    </Filter>
    <Filter Include="Shader Logic">
      <UniqueIdentifier>{7fc27e5e-8d56-4dda-8fd4-d1e839a58407}</UniqueIdentifier>
    </Filter>
  </ItemGroup>
  <ItemGroup>
    <None Include="..\deferred_shading_demo\types.hlsli">
      <Filter>Shader Logic</Filter>
    </None>
    <None Include="..\deferred_shading_demo\hlsl_util.hlsli">
      <Filter>Shader Logic</Filter>
    </None>
  </ItemGroup>
</Project>