<?xml version="1.0" encoding="utf-8"?>
<Project ToolsVersion="4.0" xmlns="http://schemas.microsoft.com/developer/msbuild/2003">
  <ItemGroup>
    <Filter Include="Core">
      <UniqueIdentifier>{4fdf668e-69b9-4dcf-b10e-812c9a94be7a}</UniqueIdentifier>
    </Filter>
    <Filter Include="Common">
      <UniqueIdentifier>{9b149d28-97e2-4b3b-ba12-b8bdff49bdef}</UniqueIdentifier>
    </Filter>
    <Filter Include="Common\Shaders">
      <UniqueIdentifier>{92ce2470-b55b-422e-a7dd-9c54340e2989}</UniqueIdentifier>
    </Filter>
  </ItemGroup>
  <ItemGroup>
    <ClCompile Include="..\halfling\halfling_engine.cpp">
      <Filter>Core</Filter>
    </ClCompile>
    <ClCompile Include="..\common\dxerr.cpp">
      <Filter>Common</Filter>
    </ClCompile>
    <ClCompile Include="..\common\d3d_util.cpp">
      <Filter>Common</Filter>
    </ClCompile>
    <ClCompile Include="..\common\camera.cpp">
      <Filter>Common</Filter>
    </ClCompile>
    <ClCompile Include="..\common\geometry_generator.cpp">
      <Filter>Common</Filter>
    </ClCompile>
    <ClCompile Include="..\common\texture2d.cpp">
      <Filter>Common</Filter>
    </ClCompile>
    <ClCompile Include="..\common\texture_manager.cpp">
      <Filter>Common</Filter>
    </ClCompile>
    <ClCompile Include="..\common\sprite_renderer.cpp">
      <Filter>Common</Filter>
    </ClCompile>
    <ClCompile Include="..\common\sprite_font.cpp">
      <Filter>Common</Filter>
    </ClCompile>
    <ClCompile Include="..\common\device_states.cpp">
      <Filter>Common</Filter>
    </ClCompile>
    <ClCompile Include="..\common\light_animator.cpp">
      <Filter>Common</Filter>
    </ClCompile>
    <ClCompile Include="..\common\clock.cpp">
      <Filter>Common</Filter>
    </ClCompile>
    <ClCompile Include="..\common\timer.cpp">
      <Filter>Common</Filter>
    </ClCompile>
    <ClCompile Include="..\common\profiler.cpp">
      <Filter>Common</Filter>
    </ClCompile>
  </ItemGroup>
  <ItemGroup>
    <ClInclude Include="..\common\halfling_sys.h">
      <Filter>Common</Filter>
    </ClInclude>
    <ClInclude Include="..\common\typedefs.h">
      <Filter>Common</Filter>
    </ClInclude>
    <ClInclude Include="..\halfling\halfling_engine.h">
      <Filter>Core</Filter>
    </ClInclude>
    <ClInclude Include="..\common\d3d_util.h">
      <Filter>Common</Filter>
    </ClInclude>
    <ClInclude Include="..\common\dxerr.h">
      <Filter>Common</Filter>
    </ClInclude>
    <ClInclude Include="..\common\vector.h">
      <Filter>Common</Filter>
    </ClInclude>
    <ClInclude Include="..\common\camera.h">
      <Filter>Common</Filter>
    </ClInclude>
    <ClInclude Include="..\common\math.h">
      <Filter>Common</Filter>
    </ClInclude>
    <ClInclude Include="..\common\lights.h">
      <Filter>Common</Filter>
    </ClInclude>
    <ClInclude Include="..\common\geometry_generator.h">
      <Filter>Common</Filter>
    </ClInclude>
    <ClInclude Include="..\common\structured_buffer.h">
      <Filter>Common</Filter>
    </ClInclude>
    <ClInclude Include="..\common\model.h">
      <Filter>Common</Filter>
    </ClInclude>
    <ClInclude Include="..\common\materials.h">
      <Filter>Common</Filter>
    </ClInclude>
    <ClInclude Include="..\common\texture2d.h">
      <Filter>Common</Filter>
    </ClInclude>
    <ClInclude Include="..\common\texture_manager.h">
      <Filter>Common</Filter>
    </ClInclude>
    <ClInclude Include="..\common\sprite_renderer.h">
      <Filter>Common</Filter>
    </ClInclude>
    <ClInclude Include="..\common\sprite_font.h">
      <Filter>Common</Filter>
    </ClInclude>
    <ClInclude Include="..\common\device_states.h">
      <Filter>Common</Filter>
    </ClInclude>
    <ClInclude Include="..\common\light_animator.h">
      <Filter>Common</Filter>
    </ClInclude>
    <ClInclude Include="..\common\file_io_util.h">
      <Filter>Common</Filter>
    </ClInclude>
    <ClInclude Include="..\common\string_util.h">
      <Filter>Common</Filter>
    </ClInclude>
    <ClInclude Include="..\common\clock.h">
      <Filter>Common</Filter>
    </ClInclude>
    <ClInclude Include="..\common\memory_stream.h">
      <Filter>Common</Filter>
    </ClInclude>
    <ClInclude Include="..\common\profiler.h">
      <Filter>Common</Filter>
    </ClInclude>
    <ClInclude Include="..\common\timer.h">
      <Filter>Common</Filter>
    </ClInclude>
  </ItemGroup>
  <ItemGroup>
    <None Include="..\common\shaders\lights.hlsli">
      <Filter>Common\Shaders</Filter>
    </None>
    <None Include="..\common\shaders\materials.hlsli">
      <Filter>Common\Shaders</Filter>
    </None>
    <None Include="..\common\shaders\light_functions.hlsli">
      <Filter>Common\Shaders</Filter>
    </None>
    <None Include="..\common\shaders\sprite_header.hlsli">
      <Filter>Common\Shaders</Filter>
    </None>
  </ItemGroup>
  <ItemGroup>
    <FxCompile Include="..\common\shaders\sprite_vertex_shader.hlsl">
      <Filter>Common\Shaders</Filter>
    </FxCompile>
    <FxCompile Include="..\common\shaders\sprite_pixel_shader.hlsl">
      <Filter>Common\Shaders</Filter>
    </FxCompile>
    <FxCompile Include="..\common\shaders\sprite_instanced_vertex_shader.hlsl">
      <Filter>Common\Shaders</Filter>
    </FxCompile>
  </ItemGroup>
</Project>