<?xml version="1.0" encoding="utf-8"?>
<Project ToolsVersion="4.0" xmlns="http://schemas.microsoft.com/developer/msbuild/2003">
  <ItemGroup>
    <ClCompile Include="..\lighting_demo\main.cpp">
      <Filter>Core</Filter>
    </ClCompile>
    <ClCompile Include="..\lighting_demo\game_state_manager.cpp">
      <Filter>Graphics</Filter>
    </ClCompile>
    <ClCompile Include="..\lighting_demo\graphics_manager.cpp">
      <Filter>Graphics</Filter>
    </ClCompile>
    <ClCompile Include="..\lighting_demo\wave_simulator.cpp">
      <Filter>Simulation Logic</Filter>
    </ClCompile>
  </ItemGroup>
  <ItemGroup>
    <ClInclude Include="..\lighting_demo\game_state_manager.h">
      <Filter>Graphics</Filter>
    </ClInclude>
    <ClInclude Include="..\lighting_demo\graphics_manager.h">
      <Filter>Graphics</Filter>
    </ClInclude>
    <ClInclude Include="..\lighting_demo\wave_simulator.h">
      <Filter>Simulation Logic</Filter>
    </ClInclude>
  </ItemGroup>
  <ItemGroup>
    <FxCompile Include="..\lighting_demo\pixel_shader.hlsl">
      <Filter>Shaders</Filter>
    </FxCompile>
    <FxCompile Include="..\lighting_demo\vertex_shader.hlsl">
      <Filter>Shaders</Filter>
    </FxCompile>
  </ItemGroup>
  <ItemGroup>
    <Filter Include="Core">
      <UniqueIdentifier>{e3264de6-06ec-432c-9f3f-82cc0b4b3348}</UniqueIdentifier>
    </Filter>
    <Filter Include="Graphics">
      <UniqueIdentifier>{da21fdda-aca3-4d8c-81eb-4edb246a7265}</UniqueIdentifier>
    </Filter>
    <Filter Include="Shaders">
      <UniqueIdentifier>{1d951f97-c5f5-4c77-a201-ac6b88888732}</UniqueIdentifier>
    </Filter>
  </ItemGroup>
  <ItemGroup>
    <None Include="..\lighting_demo\types.hlsli">
      <Filter>Shaders</Filter>
    </None>
  </ItemGroup>
</Project>