
Microsoft Visual Studio Solution File, Format Version 12.00
# Visual Studio 2013
VisualStudioVersion = 12.0.21005.1
MinimumVisualStudioVersion = 10.0.40219.1
Project("{8BC9CEB8-8B4A-11D0-8D11-00A0C91BC942}") = "Halfling", "Halfling.vcxproj", "{E126E907-E152-410A-B81B-D206B709BA48}"
EndProject
Project("{8BC9CEB8-8B4A-11D0-8D11-00A0C91BC942}") = "CrateDemo", "CrateDemo.vcxproj", "{4B06784E-8E60-4C21-A407-60D02683014B}"
EndProject
Project("{8BC9CEB8-8B4A-11D0-8D11-00A0C91BC942}") = "LightingDemo", "LightingDemo.vcxproj", "{104329AE-9CD7-4AD5-BCC1-9A449974AB0D}"
EndProject
Global
	GlobalSection(SolutionConfigurationPlatforms) = preSolution
		Debug|Win32 = Debug|Win32
		Release|Win32 = Release|Win32
	EndGlobalSection
	GlobalSection(ProjectConfigurationPlatforms) = postSolution
		{E126E907-E152-410A-B81B-D206B709BA48}.Debug|Win32.ActiveCfg = Debug|Win32
		{E126E907-E152-410A-B81B-D206B709BA48}.Debug|Win32.Build.0 = Debug|Win32
		{E126E907-E152-410A-B81B-D206B709BA48}.Release|Win32.ActiveCfg = Release|Win32
		{E126E907-E152-410A-B81B-D206B709BA48}.Release|Win32.Build.0 = Release|Win32
		{4B06784E-8E60-4C21-A407-60D02683014B}.Debug|Win32.ActiveCfg = Debug|Win32
		{4B06784E-8E60-4C21-A407-60D02683014B}.Debug|Win32.Build.0 = Debug|Win32
		{4B06784E-8E60-4C21-A407-60D02683014B}.Release|Win32.ActiveCfg = Release|Win32
		{4B06784E-8E60-4C21-A407-60D02683014B}.Release|Win32.Build.0 = Release|Win32
		{104329AE-9CD7-4AD5-BCC1-9A449974AB0D}.Debug|Win32.ActiveCfg = Debug|Win32
		{104329AE-9CD7-4AD5-BCC1-9A449974AB0D}.Debug|Win32.Build.0 = Debug|Win32
		{104329AE-9CD7-4AD5-BCC1-9A449974AB0D}.Release|Win32.ActiveCfg = Release|Win32
		{104329AE-9CD7-4AD5-BCC1-9A449974AB0D}.Release|Win32.Build.0 = Release|Win32
	EndGlobalSection
	GlobalSection(SolutionProperties) = preSolution
		HideSolutionNode = FALSE
	EndGlobalSection
EndGlobal
