
Microsoft Visual Studio Solution File, Format Version 12.00
# Visual Studio 2013
VisualStudioVersion = 12.0.30110.0
MinimumVisualStudioVersion = 10.0.40219.1
Project("{8BC9CEB8-8B4A-11D0-8D11-00A0C91BC942}") = "Halfling", "Halfling.vcxproj", "{E126E907-E152-410A-B81B-D206B709BA48}"
EndProject
Project("{8BC9CEB8-8B4A-11D0-8D11-00A0C91BC942}") = "DeferredShadingDemo", "DeferredShadingDemo.vcxproj", "{C07D054E-0202-492B-9B2A-F595F6E21CF0}"
EndProject
Global
	GlobalSection(SolutionConfigurationPlatforms) = preSolution
		Debug|Win32 = Debug|Win32
		Release|Win32 = Release|Win32
	EndGlobalSection
	GlobalSection(ProjectConfigurationPlatforms) = postSolution
		{E126E907-E152-410A-B81B-D206B709BA48}.Debug|Win32.ActiveCfg = Debug|Win32
		{E126E907-E152-410A-B81B-D206B709BA48}.Debug|Win32.Build.0 = Debug|Win32
		{E126E907-E152-410A-B81B-D206B709BA48}.Release|Win32.ActiveCfg = Release|Win32
		{E126E907-E152-410A-B81B-D206B709BA48}.Release|Win32.Build.0 = Release|Win32
		{C07D054E-0202-492B-9B2A-F595F6E21CF0}.Debug|Win32.ActiveCfg = Debug|Win32
		{C07D054E-0202-492B-9B2A-F595F6E21CF0}.Debug|Win32.Build.0 = Debug|Win32
		{C07D054E-0202-492B-9B2A-F595F6E21CF0}.Release|Win32.ActiveCfg = Release|Win32
		{C07D054E-0202-492B-9B2A-F595F6E21CF0}.Release|Win32.Build.0 = Release|Win32
	EndGlobalSection
	GlobalSection(SolutionProperties) = preSolution
		HideSolutionNode = FALSE
	EndGlobalSection
EndGlobal
