
Microsoft Visual Studio Solution File, Format Version 12.00
# Visual Studio 2013
VisualStudioVersion = 12.0.30501.0
MinimumVisualStudioVersion = 10.0.40219.1
Project("{8BC9CEB8-8B4A-11D0-8D11-00A0C91BC942}") = "fastformat.core", "fastformat.core.vcxproj", "{D1D47009-E3FE-4D89-896B-B9CC697855CD}"
EndProject
Global
	GlobalSection(SolutionConfigurationPlatforms) = preSolution
		Debug Multithreaded DLL pseudoUNIX|Win32 = Debug Multithreaded DLL pseudoUNIX|Win32
		Debug Multithreaded DLL pseudoUNIX|x64 = Debug Multithreaded DLL pseudoUNIX|x64
		Debug Multithreaded DLL|Win32 = Debug Multithreaded DLL|Win32
		Debug Multithreaded DLL|x64 = Debug Multithreaded DLL|x64
		Debug Multithreaded pseudoUNIX|Win32 = Debug Multithreaded pseudoUNIX|Win32
		Debug Multithreaded pseudoUNIX|x64 = Debug Multithreaded pseudoUNIX|x64
		Debug Multithreaded|Win32 = Debug Multithreaded|Win32
		Debug Multithreaded|x64 = Debug Multithreaded|x64
		Release Multithreaded DLL pseudoUNIX|Win32 = Release Multithreaded DLL pseudoUNIX|Win32
		Release Multithreaded DLL pseudoUNIX|x64 = Release Multithreaded DLL pseudoUNIX|x64
		Release Multithreaded DLL|Win32 = Release Multithreaded DLL|Win32
		Release Multithreaded DLL|x64 = Release Multithreaded DLL|x64
		Release Multithreaded pseudoUNIX|Win32 = Release Multithreaded pseudoUNIX|Win32
		Release Multithreaded pseudoUNIX|x64 = Release Multithreaded pseudoUNIX|x64
		Release Multithreaded|Win32 = Release Multithreaded|Win32
		Release Multithreaded|x64 = Release Multithreaded|x64
		Unicode Debug Multithreaded DLL|Win32 = Unicode Debug Multithreaded DLL|Win32
		Unicode Debug Multithreaded DLL|x64 = Unicode Debug Multithreaded DLL|x64
		Unicode Debug Multithreaded|Win32 = Unicode Debug Multithreaded|Win32
		Unicode Debug Multithreaded|x64 = Unicode Debug Multithreaded|x64
		Unicode Release Multithreaded DLL|Win32 = Unicode Release Multithreaded DLL|Win32
		Unicode Release Multithreaded DLL|x64 = Unicode Release Multithreaded DLL|x64
		Unicode Release Multithreaded|Win32 = Unicode Release Multithreaded|Win32
		Unicode Release Multithreaded|x64 = Unicode Release Multithreaded|x64
	EndGlobalSection
	GlobalSection(ProjectConfigurationPlatforms) = postSolution
		{D1D47009-E3FE-4D89-896B-B9CC697855CD}.Debug Multithreaded DLL pseudoUNIX|Win32.ActiveCfg = Debug Multithreaded DLL pseudoUNIX|Win32
		{D1D47009-E3FE-4D89-896B-B9CC697855CD}.Debug Multithreaded DLL pseudoUNIX|Win32.Build.0 = Debug Multithreaded DLL pseudoUNIX|Win32
		{D1D47009-E3FE-4D89-896B-B9CC697855CD}.Debug Multithreaded DLL pseudoUNIX|x64.ActiveCfg = Debug Multithreaded DLL pseudoUNIX|x64
		{D1D47009-E3FE-4D89-896B-B9CC697855CD}.Debug Multithreaded DLL pseudoUNIX|x64.Build.0 = Debug Multithreaded DLL pseudoUNIX|x64
		{D1D47009-E3FE-4D89-896B-B9CC697855CD}.Debug Multithreaded DLL|Win32.ActiveCfg = Debug Multithreaded DLL|Win32
		{D1D47009-E3FE-4D89-896B-B9CC697855CD}.Debug Multithreaded DLL|Win32.Build.0 = Debug Multithreaded DLL|Win32
		{D1D47009-E3FE-4D89-896B-B9CC697855CD}.Debug Multithreaded DLL|x64.ActiveCfg = Debug Multithreaded DLL|x64
		{D1D47009-E3FE-4D89-896B-B9CC697855CD}.Debug Multithreaded DLL|x64.Build.0 = Debug Multithreaded DLL|x64
		{D1D47009-E3FE-4D89-896B-B9CC697855CD}.Debug Multithreaded pseudoUNIX|Win32.ActiveCfg = Debug Multithreaded pseudoUNIX|Win32
		{D1D47009-E3FE-4D89-896B-B9CC697855CD}.Debug Multithreaded pseudoUNIX|Win32.Build.0 = Debug Multithreaded pseudoUNIX|Win32
		{D1D47009-E3FE-4D89-896B-B9CC697855CD}.Debug Multithreaded pseudoUNIX|x64.ActiveCfg = Debug Multithreaded pseudoUNIX|x64
		{D1D47009-E3FE-4D89-896B-B9CC697855CD}.Debug Multithreaded pseudoUNIX|x64.Build.0 = Debug Multithreaded pseudoUNIX|x64
		{D1D47009-E3FE-4D89-896B-B9CC697855CD}.Debug Multithreaded|Win32.ActiveCfg = Debug Multithreaded|Win32
		{D1D47009-E3FE-4D89-896B-B9CC697855CD}.Debug Multithreaded|Win32.Build.0 = Debug Multithreaded|Win32
		{D1D47009-E3FE-4D89-896B-B9CC697855CD}.Debug Multithreaded|x64.ActiveCfg = Debug Multithreaded|x64
		{D1D47009-E3FE-4D89-896B-B9CC697855CD}.Debug Multithreaded|x64.Build.0 = Debug Multithreaded|x64
		{D1D47009-E3FE-4D89-896B-B9CC697855CD}.Release Multithreaded DLL pseudoUNIX|Win32.ActiveCfg = Release Multithreaded DLL pseudoUNIX|Win32
		{D1D47009-E3FE-4D89-896B-B9CC697855CD}.Release Multithreaded DLL pseudoUNIX|Win32.Build.0 = Release Multithreaded DLL pseudoUNIX|Win32
		{D1D47009-E3FE-4D89-896B-B9CC697855CD}.Release Multithreaded DLL pseudoUNIX|x64.ActiveCfg = Release Multithreaded DLL pseudoUNIX|x64
		{D1D47009-E3FE-4D89-896B-B9CC697855CD}.Release Multithreaded DLL pseudoUNIX|x64.Build.0 = Release Multithreaded DLL pseudoUNIX|x64
		{D1D47009-E3FE-4D89-896B-B9CC697855CD}.Release Multithreaded DLL|Win32.ActiveCfg = Release Multithreaded DLL|Win32
		{D1D47009-E3FE-4D89-896B-B9CC697855CD}.Release Multithreaded DLL|Win32.Build.0 = Release Multithreaded DLL|Win32
		{D1D47009-E3FE-4D89-896B-B9CC697855CD}.Release Multithreaded DLL|x64.ActiveCfg = Release Multithreaded DLL|x64
		{D1D47009-E3FE-4D89-896B-B9CC697855CD}.Release Multithreaded DLL|x64.Build.0 = Release Multithreaded DLL|x64
		{D1D47009-E3FE-4D89-896B-B9CC697855CD}.Release Multithreaded pseudoUNIX|Win32.ActiveCfg = Release Multithreaded pseudoUNIX|Win32
		{D1D47009-E3FE-4D89-896B-B9CC697855CD}.Release Multithreaded pseudoUNIX|Win32.Build.0 = Release Multithreaded pseudoUNIX|Win32
		{D1D47009-E3FE-4D89-896B-B9CC697855CD}.Release Multithreaded pseudoUNIX|x64.ActiveCfg = Release Multithreaded pseudoUNIX|x64
		{D1D47009-E3FE-4D89-896B-B9CC697855CD}.Release Multithreaded pseudoUNIX|x64.Build.0 = Release Multithreaded pseudoUNIX|x64
		{D1D47009-E3FE-4D89-896B-B9CC697855CD}.Release Multithreaded|Win32.ActiveCfg = Release Multithreaded|Win32
		{D1D47009-E3FE-4D89-896B-B9CC697855CD}.Release Multithreaded|Win32.Build.0 = Release Multithreaded|Win32
		{D1D47009-E3FE-4D89-896B-B9CC697855CD}.Release Multithreaded|x64.ActiveCfg = Release Multithreaded|x64
		{D1D47009-E3FE-4D89-896B-B9CC697855CD}.Release Multithreaded|x64.Build.0 = Release Multithreaded|x64
		{D1D47009-E3FE-4D89-896B-B9CC697855CD}.Unicode Debug Multithreaded DLL|Win32.ActiveCfg = Unicode Debug Multithreaded DLL|Win32
		{D1D47009-E3FE-4D89-896B-B9CC697855CD}.Unicode Debug Multithreaded DLL|Win32.Build.0 = Unicode Debug Multithreaded DLL|Win32
		{D1D47009-E3FE-4D89-896B-B9CC697855CD}.Unicode Debug Multithreaded DLL|x64.ActiveCfg = Unicode Debug Multithreaded DLL|x64
		{D1D47009-E3FE-4D89-896B-B9CC697855CD}.Unicode Debug Multithreaded DLL|x64.Build.0 = Unicode Debug Multithreaded DLL|x64
		{D1D47009-E3FE-4D89-896B-B9CC697855CD}.Unicode Debug Multithreaded|Win32.ActiveCfg = Unicode Debug Multithreaded|Win32
		{D1D47009-E3FE-4D89-896B-B9CC697855CD}.Unicode Debug Multithreaded|Win32.Build.0 = Unicode Debug Multithreaded|Win32
		{D1D47009-E3FE-4D89-896B-B9CC697855CD}.Unicode Debug Multithreaded|x64.ActiveCfg = Unicode Debug Multithreaded|x64
		{D1D47009-E3FE-4D89-896B-B9CC697855CD}.Unicode Debug Multithreaded|x64.Build.0 = Unicode Debug Multithreaded|x64
		{D1D47009-E3FE-4D89-896B-B9CC697855CD}.Unicode Release Multithreaded DLL|Win32.ActiveCfg = Unicode Release Multithreaded DLL|Win32
		{D1D47009-E3FE-4D89-896B-B9CC697855CD}.Unicode Release Multithreaded DLL|Win32.Build.0 = Unicode Release Multithreaded DLL|Win32
		{D1D47009-E3FE-4D89-896B-B9CC697855CD}.Unicode Release Multithreaded DLL|x64.ActiveCfg = Unicode Release Multithreaded DLL|x64
		{D1D47009-E3FE-4D89-896B-B9CC697855CD}.Unicode Release Multithreaded DLL|x64.Build.0 = Unicode Release Multithreaded DLL|x64
		{D1D47009-E3FE-4D89-896B-B9CC697855CD}.Unicode Release Multithreaded|Win32.ActiveCfg = Unicode Release Multithreaded|Win32
		{D1D47009-E3FE-4D89-896B-B9CC697855CD}.Unicode Release Multithreaded|Win32.Build.0 = Unicode Release Multithreaded|Win32
		{D1D47009-E3FE-4D89-896B-B9CC697855CD}.Unicode Release Multithreaded|x64.ActiveCfg = Unicode Release Multithreaded|x64
		{D1D47009-E3FE-4D89-896B-B9CC697855CD}.Unicode Release Multithreaded|x64.Build.0 = Unicode Release Multithreaded|x64
	EndGlobalSection
	GlobalSection(SolutionProperties) = preSolution
		HideSolutionNode = FALSE
	EndGlobalSection
EndGlobal
