<?xml version="1.0" encoding="utf-8"?>
<Project ToolsVersion="4.0" xmlns="http://schemas.microsoft.com/developer/msbuild/2003">
  <ItemGroup>
    <ClCompile Include="..\..\source\pbr_demo\command_sort_key_generators.cpp">
      <Filter>Graphics</Filter>
    </ClCompile>
    <ClCompile Include="..\..\source\pbr_demo\main.cpp">
      <Filter>Core</Filter>
    </ClCompile>
    <ClCompile Include="..\..\source\pbr_demo\pbr_demo.cpp">
      <Filter>Core</Filter>
    </ClCompile>
    <ClCompile Include="..\..\source\pbr_demo\pbr_demo.draw.cpp">
      <Filter>Core</Filter>
    </ClCompile>
    <ClCompile Include="..\..\source\pbr_demo\pbr_demo.init.cpp">
      <Filter>Core</Filter>
    </ClCompile>
    <ClCompile Include="..\..\source\pbr_demo\pbr_demo.update.cpp">
      <Filter>Core</Filter>
    </ClCompile>
  </ItemGroup>
  <ItemGroup>
    <ClInclude Include="..\..\source\pbr_demo\command_sort_key_generators.h">
      <Filter>Graphics</Filter>
    </ClInclude>
    <ClInclude Include="..\..\source\pbr_demo\pbr_demo.h">
      <Filter>Core</Filter>
    </ClInclude>
    <ClInclude Include="..\..\source\pbr_demo\shader_constants.h">
      <Filter>Shader Logic</Filter>
    </ClInclude>
    <ClInclude Include="..\..\source\pbr_demo\shader_defines.h">
      <Filter>Shader Logic</Filter>
    </ClInclude>
  </ItemGroup>
  <ItemGroup>
    <None Include="..\..\source\pbr_demo\materials\example.hmat.hlsl">
      <Filter>Materials</Filter>
    </None>
    <None Include="..\..\source\pbr_demo\shaders\gbuffer_ps.hlsl">
      <Filter>Shaders</Filter>
    </None>
    <None Include="..\..\source\pbr_demo\resources\scene.json">
      <Filter>Core</Filter>
    </None>
    <None Include="..\..\source\pbr_demo\tempIcon.ico">
      <Filter>Resources</Filter>
    </None>
    <None Include="..\..\source\pbr_demo\shaders\types.hlsli">
      <Filter>Shaders</Filter>
    </None>
  </ItemGroup>
  <ItemGroup>
    <Filter Include="Core">
      <UniqueIdentifier>{434d1833-aaa9-4448-9a01-756c4009b527}</UniqueIdentifier>
    </Filter>
    <Filter Include="Resources">
      <UniqueIdentifier>{72b745cb-9348-4e32-8a39-66ada565c8f2}</UniqueIdentifier>
    </Filter>
    <Filter Include="Shader Logic">
      <UniqueIdentifier>{429decc3-816e-40bf-948a-766e90cc87ee}</UniqueIdentifier>
    </Filter>
    <Filter Include="Shaders">
      <UniqueIdentifier>{ade00db2-9f6f-4eb0-ac29-ffb4d6a3afda}</UniqueIdentifier>
    </Filter>
    <Filter Include="Materials">
      <UniqueIdentifier>{96beb857-5ef2-4a3a-9262-893e42b47cfc}</UniqueIdentifier>
    </Filter>
    <Filter Include="Graphics">
      <UniqueIdentifier>{bd02477c-d771-482a-9b42-5957f58caca2}</UniqueIdentifier>
    </Filter>
  </ItemGroup>
  <ItemGroup>
    <ResourceCompile Include="PBRDemo.rc">
      <Filter>Resources</Filter>
    </ResourceCompile>
  </ItemGroup>
  <ItemGroup>
    <FxCompile Include="..\..\source\pbr_demo\materials\matte_gray.hmat.hlsl">
      <Filter>Materials</Filter>
    </FxCompile>
    <FxCompile Include="..\..\source\pbr_demo\materials\metal.hmat.hlsl">
      <Filter>Materials</Filter>
    </FxCompile>
    <FxCompile Include="..\..\source\pbr_demo\materials\nonmetal.hmat.hlsl">
      <Filter>Materials</Filter>
    </FxCompile>
    <FxCompile Include="..\..\source\pbr_demo\shaders\fullscreen_triangle_vs.hlsl">
      <Filter>Shaders</Filter>
    </FxCompile>
    <FxCompile Include="..\..\source\pbr_demo\shaders\gbuffer_vs.hlsl">
      <Filter>Shaders</Filter>
    </FxCompile>
    <FxCompile Include="..\..\source\pbr_demo\shaders\instanced_gbuffer_vs.hlsl">
      <Filter>Shaders</Filter>
    </FxCompile>
    <FxCompile Include="..\..\source\pbr_demo\shaders\post_process_ps.hlsl">
      <Filter>Shaders</Filter>
    </FxCompile>
    <FxCompile Include="..\..\source\pbr_demo\shaders\tiled_cull_final_gather_cs.hlsl">
      <Filter>Shaders</Filter>
    </FxCompile>
  </ItemGroup>
</Project>